// !$*UTF8*$!
{
	archiveVersion = 1;
	classes = {
	};
	objectVersion = 48;
	objects = {

/* Begin PBXBuildFile section */
		3124F0C71FFB37F40005EDDE /* a3d.h in Headers */ = {isa = PBXBuildFile; fileRef = 3124F0C61FFB37F40005EDDE /* a3d.h */; };
		3124F0E31FFB38A40005EDDE /* GCamera.h in Headers */ = {isa = PBXBuildFile; fileRef = 3124F0D71FFB38A40005EDDE /* GCamera.h */; };
		3124F0ED1FFB3C160005EDDE /* PrefixHeader.pch in Headers */ = {isa = PBXBuildFile; fileRef = 3124F0EC1FFB3C160005EDDE /* PrefixHeader.pch */; };
		3124F0EF1FFB42C20005EDDE /* a3d.h in CopyFiles */ = {isa = PBXBuildFile; fileRef = 3124F0C61FFB37F40005EDDE /* a3d.h */; };
		3124F0F81FFB463A0005EDDE /* AppDelegate.m in Sources */ = {isa = PBXBuildFile; fileRef = 3124F0F71FFB463A0005EDDE /* AppDelegate.m */; };
		3124F0FA1FFB463A0005EDDE /* Assets.xcassets in Resources */ = {isa = PBXBuildFile; fileRef = 3124F0F91FFB463A0005EDDE /* Assets.xcassets */; };
		3124F0FD1FFB463A0005EDDE /* MainMenu.xib in Resources */ = {isa = PBXBuildFile; fileRef = 3124F0FB1FFB463A0005EDDE /* MainMenu.xib */; };
		3124F1001FFB463A0005EDDE /* main.m in Sources */ = {isa = PBXBuildFile; fileRef = 3124F0FF1FFB463A0005EDDE /* main.m */; };
		3124F1091FFB47940005EDDE /* TestController.m in Sources */ = {isa = PBXBuildFile; fileRef = 3124F1061FFB47940005EDDE /* TestController.m */; };
		3124F10A1FFB47940005EDDE /* TestController.xib in Resources */ = {isa = PBXBuildFile; fileRef = 3124F1071FFB47940005EDDE /* TestController.xib */; };
		3124F10E1FFB48A70005EDDE /* MyOpenGLView.mm in Sources */ = {isa = PBXBuildFile; fileRef = 3124F10D1FFB48A60005EDDE /* MyOpenGLView.mm */; };
		3124F1101FFB48D30005EDDE /* liba3d.a in Frameworks */ = {isa = PBXBuildFile; fileRef = 3124F0C31FFB37F40005EDDE /* liba3d.a */; };
		3124F1251FFCABE80005EDDE /* DraftScene.h in Headers */ = {isa = PBXBuildFile; fileRef = 3124F1231FFCABE80005EDDE /* DraftScene.h */; };
		3124F1261FFCABE80005EDDE /* DraftScene.mm in Sources */ = {isa = PBXBuildFile; fileRef = 3124F1241FFCABE80005EDDE /* DraftScene.mm */; };
		3124F12D1FFDEB560005EDDE /* DraftSprite.h in Headers */ = {isa = PBXBuildFile; fileRef = 3124F12B1FFDEB560005EDDE /* DraftSprite.h */; };
		3124F12E1FFDEB560005EDDE /* DraftSprite.mm in Sources */ = {isa = PBXBuildFile; fileRef = 3124F12C1FFDEB560005EDDE /* DraftSprite.mm */; };
		3124F1371FFF984D0005EDDE /* MySprite.mm in Sources */ = {isa = PBXBuildFile; fileRef = 3124F1361FFF984D0005EDDE /* MySprite.mm */; };
		3124F1432001C71D0005EDDE /* GEulerAngle.h in Headers */ = {isa = PBXBuildFile; fileRef = 3124F1412001C71D0005EDDE /* GEulerAngle.h */; };
		3124F150200371EB0005EDDE /* main.m in Sources */ = {isa = PBXBuildFile; fileRef = 3124F14F200371EB0005EDDE /* main.m */; };
		3124F154200372690005EDDE /* liba3d.a in Frameworks */ = {isa = PBXBuildFile; fileRef = 3124F0C31FFB37F40005EDDE /* liba3d.a */; };
		314FE3B2200C5B380067984B /* AppDelegate.m in Sources */ = {isa = PBXBuildFile; fileRef = 314FE3B1200C5B380067984B /* AppDelegate.m */; };
		314FE3B4200C5B380067984B /* Assets.xcassets in Resources */ = {isa = PBXBuildFile; fileRef = 314FE3B3200C5B380067984B /* Assets.xcassets */; };
		314FE3B7200C5B380067984B /* MainMenu.xib in Resources */ = {isa = PBXBuildFile; fileRef = 314FE3B5200C5B380067984B /* MainMenu.xib */; };
		314FE3BA200C5B380067984B /* main.m in Sources */ = {isa = PBXBuildFile; fileRef = 314FE3B9200C5B380067984B /* main.m */; };
		314FE3C2200C5B900067984B /* TestController.m in Sources */ = {isa = PBXBuildFile; fileRef = 314FE3C0200C5B900067984B /* TestController.m */; };
		314FE3C3200C5B900067984B /* TestController.xib in Resources */ = {isa = PBXBuildFile; fileRef = 314FE3C1200C5B900067984B /* TestController.xib */; };
		314FE3C5200C5C9A0067984B /* SceneKit.framework in Frameworks */ = {isa = PBXBuildFile; fileRef = 314FE3C4200C5C9A0067984B /* SceneKit.framework */; };
		314FE3C7200C5C9F0067984B /* SpriteKit.framework in Frameworks */ = {isa = PBXBuildFile; fileRef = 314FE3C6200C5C9F0067984B /* SpriteKit.framework */; };
		314FE3D0200C83D30067984B /* Scene.m in Sources */ = {isa = PBXBuildFile; fileRef = 314FE3CF200C83D30067984B /* Scene.m */; };
		314FE3D4200C93060067984B /* liba3d.a in Frameworks */ = {isa = PBXBuildFile; fileRef = 3124F0C31FFB37F40005EDDE /* liba3d.a */; };
		314FE3D6200CAF120067984B /* GLKit.framework in Frameworks */ = {isa = PBXBuildFile; fileRef = 314FE3D5200CAF120067984B /* GLKit.framework */; };
		314FE3D9200CAF560067984B /* GLView.h in Headers */ = {isa = PBXBuildFile; fileRef = 314FE3D7200CAF560067984B /* GLView.h */; };
		314FE3DA200CAF560067984B /* GLView.m in Sources */ = {isa = PBXBuildFile; fileRef = 314FE3D8200CAF560067984B /* GLView.m */; };
		314FE3DB200CAFB30067984B /* GLView.h in CopyFiles */ = {isa = PBXBuildFile; fileRef = 314FE3D7200CAF560067984B /* GLView.h */; };
		314FE464200F77740067984B /* Texture.cpp in Sources */ = {isa = PBXBuildFile; fileRef = 314FE462200F77740067984B /* Texture.cpp */; };
		314FE465200F77740067984B /* Texture.h in Headers */ = {isa = PBXBuildFile; fileRef = 314FE463200F77740067984B /* Texture.h */; };
		314FE468200F789F0067984B /* Scene.cpp in Sources */ = {isa = PBXBuildFile; fileRef = 314FE466200F789F0067984B /* Scene.cpp */; };
		314FE469200F789F0067984B /* Scene.h in Headers */ = {isa = PBXBuildFile; fileRef = 314FE467200F789F0067984B /* Scene.h */; };
		314FE46C200F78E40067984B /* Animate.cpp in Sources */ = {isa = PBXBuildFile; fileRef = 314FE46A200F78E40067984B /* Animate.cpp */; };
		314FE46D200F78E40067984B /* Animate.h in Headers */ = {isa = PBXBuildFile; fileRef = 314FE46B200F78E40067984B /* Animate.h */; };
		314FE47520104EDC0067984B /* util.cpp in Sources */ = {isa = PBXBuildFile; fileRef = 314FE47420104EDC0067984B /* util.cpp */; };
		314FE478201054190067984B /* AnimatePosition.cpp in Sources */ = {isa = PBXBuildFile; fileRef = 314FE476201054190067984B /* AnimatePosition.cpp */; };
		314FE479201054190067984B /* AnimatePosition.h in Headers */ = {isa = PBXBuildFile; fileRef = 314FE477201054190067984B /* AnimatePosition.h */; };
		314FE48320108D570067984B /* Transform.h in Headers */ = {isa = PBXBuildFile; fileRef = 314FE48120108D570067984B /* Transform.h */; };
		31CB9B7B2009C5C00068D9B7 /* Object.cpp in Sources */ = {isa = PBXBuildFile; fileRef = 31CB9B792009C5C00068D9B7 /* Object.cpp */; };
		31CB9B7C2009C5C00068D9B7 /* Object.h in Headers */ = {isa = PBXBuildFile; fileRef = 31CB9B7A2009C5C00068D9B7 /* Object.h */; };
		31CB9B832009D99F0068D9B7 /* Camera.cpp in Sources */ = {isa = PBXBuildFile; fileRef = 31CB9B812009D99F0068D9B7 /* Camera.cpp */; };
		31CB9B842009D99F0068D9B7 /* Camera.h in Headers */ = {isa = PBXBuildFile; fileRef = 31CB9B822009D99F0068D9B7 /* Camera.h */; };
		31CB9B882009EBD10068D9B7 /* Context.cpp in Sources */ = {isa = PBXBuildFile; fileRef = 31CB9B862009EBD10068D9B7 /* Context.cpp */; };
		31CB9B892009EBD10068D9B7 /* Context.h in Headers */ = {isa = PBXBuildFile; fileRef = 31CB9B872009EBD10068D9B7 /* Context.h */; };
		31CB9B8C2009F5DA0068D9B7 /* BufferContext.cpp in Sources */ = {isa = PBXBuildFile; fileRef = 31CB9B8A2009F5DA0068D9B7 /* BufferContext.cpp */; };
		31CB9B8D2009F5DA0068D9B7 /* BufferContext.h in Headers */ = {isa = PBXBuildFile; fileRef = 31CB9B8B2009F5DA0068D9B7 /* BufferContext.h */; };
		31CB9B96200A150C0068D9B7 /* log.h in Headers */ = {isa = PBXBuildFile; fileRef = 31CB9B94200A150C0068D9B7 /* log.h */; };
		31CB9B9A200A18750068D9B7 /* Node.cpp in Sources */ = {isa = PBXBuildFile; fileRef = 31CB9B98200A18750068D9B7 /* Node.cpp */; };
		31CB9B9B200A18750068D9B7 /* Node.h in Headers */ = {isa = PBXBuildFile; fileRef = 31CB9B99200A18750068D9B7 /* Node.h */; };
		31CB9BA3200A1F6D0068D9B7 /* Axis.cpp in Sources */ = {isa = PBXBuildFile; fileRef = 31CB9B9D200A1F6D0068D9B7 /* Axis.cpp */; };
		31CB9BA4200A1F6D0068D9B7 /* Axis.h in Headers */ = {isa = PBXBuildFile; fileRef = 31CB9B9E200A1F6D0068D9B7 /* Axis.h */; };
		31CB9BA5200A1F6D0068D9B7 /* Matrix4.cpp in Sources */ = {isa = PBXBuildFile; fileRef = 31CB9B9F200A1F6D0068D9B7 /* Matrix4.cpp */; };
		31CB9BA6200A1F6D0068D9B7 /* Matrix4.h in Headers */ = {isa = PBXBuildFile; fileRef = 31CB9BA0200A1F6D0068D9B7 /* Matrix4.h */; };
		31CB9BA7200A1F6D0068D9B7 /* Vector3.cpp in Sources */ = {isa = PBXBuildFile; fileRef = 31CB9BA1200A1F6D0068D9B7 /* Vector3.cpp */; };
		31CB9BA8200A1F6D0068D9B7 /* Vector3.h in Headers */ = {isa = PBXBuildFile; fileRef = 31CB9BA2200A1F6D0068D9B7 /* Vector3.h */; };
		31CB9BA9200A1FC80068D9B7 /* Axis.h in CopyFiles */ = {isa = PBXBuildFile; fileRef = 31CB9B9E200A1F6D0068D9B7 /* Axis.h */; };
		31CB9BAA200A1FC80068D9B7 /* Matrix4.h in CopyFiles */ = {isa = PBXBuildFile; fileRef = 31CB9BA0200A1F6D0068D9B7 /* Matrix4.h */; };
		31CB9BAB200A1FC80068D9B7 /* Vector3.h in CopyFiles */ = {isa = PBXBuildFile; fileRef = 31CB9BA2200A1F6D0068D9B7 /* Vector3.h */; };
		31CB9BAC200A1FC80068D9B7 /* Context.h in CopyFiles */ = {isa = PBXBuildFile; fileRef = 31CB9B872009EBD10068D9B7 /* Context.h */; };
		31CB9BAD200A1FC80068D9B7 /* BufferContext.h in CopyFiles */ = {isa = PBXBuildFile; fileRef = 31CB9B8B2009F5DA0068D9B7 /* BufferContext.h */; };
		31CB9BAF200A1FC80068D9B7 /* Object.h in CopyFiles */ = {isa = PBXBuildFile; fileRef = 31CB9B7A2009C5C00068D9B7 /* Object.h */; };
		31CB9BB0200A1FC80068D9B7 /* Camera.h in CopyFiles */ = {isa = PBXBuildFile; fileRef = 31CB9B822009D99F0068D9B7 /* Camera.h */; };
		31CB9BB1200A1FC80068D9B7 /* Node.h in CopyFiles */ = {isa = PBXBuildFile; fileRef = 31CB9B99200A18750068D9B7 /* Node.h */; };
		31CB9BB3200A1FC80068D9B7 /* DraftScene.h in CopyFiles */ = {isa = PBXBuildFile; fileRef = 3124F1231FFCABE80005EDDE /* DraftScene.h */; };
		31CB9BB4200A24990068D9B7 /* DraftSprite.h in CopyFiles */ = {isa = PBXBuildFile; fileRef = 3124F12B1FFDEB560005EDDE /* DraftSprite.h */; };
		31CB9BB7200A25360068D9B7 /* Color.cpp in Sources */ = {isa = PBXBuildFile; fileRef = 31CB9BB5200A25360068D9B7 /* Color.cpp */; };
		31CB9BB8200A25360068D9B7 /* Color.h in Headers */ = {isa = PBXBuildFile; fileRef = 31CB9BB6200A25360068D9B7 /* Color.h */; };
		31CB9BB9200A26DF0068D9B7 /* Color.h in CopyFiles */ = {isa = PBXBuildFile; fileRef = 31CB9BB6200A25360068D9B7 /* Color.h */; };
		31CB9BBC200A29D80068D9B7 /* DraftImage.mm in Sources */ = {isa = PBXBuildFile; fileRef = 31CB9BBA200A29D80068D9B7 /* DraftImage.mm */; };
		31CB9BBD200A29D80068D9B7 /* DraftImage.h in Headers */ = {isa = PBXBuildFile; fileRef = 31CB9BBB200A29D80068D9B7 /* DraftImage.h */; };
		31CB9BBE200A29F60068D9B7 /* DraftImage.h in CopyFiles */ = {isa = PBXBuildFile; fileRef = 31CB9BBB200A29D80068D9B7 /* DraftImage.h */; };
/* End PBXBuildFile section */

/* Begin PBXCopyFilesBuildPhase section */
		3124F0EE1FFB42AE0005EDDE /* CopyFiles */ = {
			isa = PBXCopyFilesBuildPhase;
			buildActionMask = 2147483647;
			dstPath = "$(PRODUCT_NAME)";
			dstSubfolderSpec = 16;
			files = (
				314FE3DB200CAFB30067984B /* GLView.h in CopyFiles */,
				31CB9BBE200A29F60068D9B7 /* DraftImage.h in CopyFiles */,
				31CB9BB9200A26DF0068D9B7 /* Color.h in CopyFiles */,
				31CB9BB4200A24990068D9B7 /* DraftSprite.h in CopyFiles */,
				31CB9BA9200A1FC80068D9B7 /* Axis.h in CopyFiles */,
				31CB9BAA200A1FC80068D9B7 /* Matrix4.h in CopyFiles */,
				31CB9BAB200A1FC80068D9B7 /* Vector3.h in CopyFiles */,
				31CB9BAC200A1FC80068D9B7 /* Context.h in CopyFiles */,
				31CB9BAD200A1FC80068D9B7 /* BufferContext.h in CopyFiles */,
				31CB9BAF200A1FC80068D9B7 /* Object.h in CopyFiles */,
				31CB9BB0200A1FC80068D9B7 /* Camera.h in CopyFiles */,
				31CB9BB1200A1FC80068D9B7 /* Node.h in CopyFiles */,
				31CB9BB3200A1FC80068D9B7 /* DraftScene.h in CopyFiles */,
				3124F0EF1FFB42C20005EDDE /* a3d.h in CopyFiles */,
			);
			runOnlyForDeploymentPostprocessing = 0;
		};
		3124F14B200371EB0005EDDE /* CopyFiles */ = {
			isa = PBXCopyFilesBuildPhase;
			buildActionMask = 2147483647;
			dstPath = /usr/share/man/man1/;
			dstSubfolderSpec = 0;
			files = (
			);
			runOnlyForDeploymentPostprocessing = 1;
		};
/* End PBXCopyFilesBuildPhase section */

/* Begin PBXFileReference section */
		3124F0C31FFB37F40005EDDE /* liba3d.a */ = {isa = PBXFileReference; explicitFileType = archive.ar; includeInIndex = 0; path = liba3d.a; sourceTree = BUILT_PRODUCTS_DIR; };
		3124F0C61FFB37F40005EDDE /* a3d.h */ = {isa = PBXFileReference; lastKnownFileType = sourcecode.c.h; path = a3d.h; sourceTree = "<group>"; };
		3124F0D71FFB38A40005EDDE /* GCamera.h */ = {isa = PBXFileReference; fileEncoding = 4; lastKnownFileType = sourcecode.c.h; path = GCamera.h; sourceTree = "<group>"; };
		3124F0DA1FFB38A40005EDDE /* GCamera.m */ = {isa = PBXFileReference; fileEncoding = 4; lastKnownFileType = sourcecode.c.objc; path = GCamera.m; sourceTree = "<group>"; };
		3124F0EC1FFB3C160005EDDE /* PrefixHeader.pch */ = {isa = PBXFileReference; fileEncoding = 4; lastKnownFileType = sourcecode.c.h; path = PrefixHeader.pch; sourceTree = "<group>"; };
		3124F0F41FFB463A0005EDDE /* Test.app */ = {isa = PBXFileReference; explicitFileType = wrapper.application; includeInIndex = 0; path = Test.app; sourceTree = BUILT_PRODUCTS_DIR; };
		3124F0F61FFB463A0005EDDE /* AppDelegate.h */ = {isa = PBXFileReference; lastKnownFileType = sourcecode.c.h; path = AppDelegate.h; sourceTree = "<group>"; };
		3124F0F71FFB463A0005EDDE /* AppDelegate.m */ = {isa = PBXFileReference; lastKnownFileType = sourcecode.c.objc; path = AppDelegate.m; sourceTree = "<group>"; };
		3124F0F91FFB463A0005EDDE /* Assets.xcassets */ = {isa = PBXFileReference; lastKnownFileType = folder.assetcatalog; path = Assets.xcassets; sourceTree = "<group>"; };
		3124F0FC1FFB463A0005EDDE /* Base */ = {isa = PBXFileReference; lastKnownFileType = file.xib; name = Base; path = Base.lproj/MainMenu.xib; sourceTree = "<group>"; };
		3124F0FE1FFB463A0005EDDE /* Info.plist */ = {isa = PBXFileReference; lastKnownFileType = text.plist.xml; path = Info.plist; sourceTree = "<group>"; };
		3124F0FF1FFB463A0005EDDE /* main.m */ = {isa = PBXFileReference; lastKnownFileType = sourcecode.c.objc; path = main.m; sourceTree = "<group>"; };
		3124F1011FFB463A0005EDDE /* Test.entitlements */ = {isa = PBXFileReference; lastKnownFileType = text.plist.entitlements; path = Test.entitlements; sourceTree = "<group>"; };
		3124F1061FFB47940005EDDE /* TestController.m */ = {isa = PBXFileReference; fileEncoding = 4; lastKnownFileType = sourcecode.c.objc; path = TestController.m; sourceTree = "<group>"; };
		3124F1071FFB47940005EDDE /* TestController.xib */ = {isa = PBXFileReference; fileEncoding = 4; lastKnownFileType = file.xib; path = TestController.xib; sourceTree = "<group>"; };
		3124F1081FFB47940005EDDE /* TestController.h */ = {isa = PBXFileReference; fileEncoding = 4; lastKnownFileType = sourcecode.c.h; path = TestController.h; sourceTree = "<group>"; };
		3124F10C1FFB48A60005EDDE /* MyOpenGLView.h */ = {isa = PBXFileReference; fileEncoding = 4; lastKnownFileType = sourcecode.c.h; path = MyOpenGLView.h; sourceTree = "<group>"; };
		3124F10D1FFB48A60005EDDE /* MyOpenGLView.mm */ = {isa = PBXFileReference; fileEncoding = 4; lastKnownFileType = sourcecode.cpp.objcpp; path = MyOpenGLView.mm; sourceTree = "<group>"; };
		3124F1231FFCABE80005EDDE /* DraftScene.h */ = {isa = PBXFileReference; lastKnownFileType = sourcecode.c.h; path = DraftScene.h; sourceTree = "<group>"; };
		3124F1241FFCABE80005EDDE /* DraftScene.mm */ = {isa = PBXFileReference; lastKnownFileType = sourcecode.cpp.objcpp; path = DraftScene.mm; sourceTree = "<group>"; };
		3124F12B1FFDEB560005EDDE /* DraftSprite.h */ = {isa = PBXFileReference; lastKnownFileType = sourcecode.c.h; path = DraftSprite.h; sourceTree = "<group>"; };
		3124F12C1FFDEB560005EDDE /* DraftSprite.mm */ = {isa = PBXFileReference; lastKnownFileType = sourcecode.cpp.objcpp; path = DraftSprite.mm; sourceTree = "<group>"; };
		3124F1331FFE2CB80005EDDE /* test.c */ = {isa = PBXFileReference; lastKnownFileType = sourcecode.c.c; path = test.c; sourceTree = "<group>"; };
		3124F1351FFF984D0005EDDE /* MySprite.h */ = {isa = PBXFileReference; lastKnownFileType = sourcecode.c.h; path = MySprite.h; sourceTree = "<group>"; };
		3124F1361FFF984D0005EDDE /* MySprite.mm */ = {isa = PBXFileReference; lastKnownFileType = sourcecode.cpp.objcpp; path = MySprite.mm; sourceTree = "<group>"; };
		3124F1412001C71D0005EDDE /* GEulerAngle.h */ = {isa = PBXFileReference; lastKnownFileType = sourcecode.c.h; path = GEulerAngle.h; sourceTree = "<group>"; };
		3124F1422001C71D0005EDDE /* GEulerAngle.m */ = {isa = PBXFileReference; lastKnownFileType = sourcecode.c.objc; path = GEulerAngle.m; sourceTree = "<group>"; };
		3124F14D200371EB0005EDDE /* Cli */ = {isa = PBXFileReference; explicitFileType = "compiled.mach-o.executable"; includeInIndex = 0; path = Cli; sourceTree = BUILT_PRODUCTS_DIR; };
		3124F14F200371EB0005EDDE /* main.m */ = {isa = PBXFileReference; lastKnownFileType = sourcecode.c.objc; path = main.m; sourceTree = "<group>"; };
		314FE3AE200C5B380067984B /* Scene.app */ = {isa = PBXFileReference; explicitFileType = wrapper.application; includeInIndex = 0; path = Scene.app; sourceTree = BUILT_PRODUCTS_DIR; };
		314FE3B0200C5B380067984B /* AppDelegate.h */ = {isa = PBXFileReference; lastKnownFileType = sourcecode.c.h; path = AppDelegate.h; sourceTree = "<group>"; };
		314FE3B1200C5B380067984B /* AppDelegate.m */ = {isa = PBXFileReference; lastKnownFileType = sourcecode.c.objc; path = AppDelegate.m; sourceTree = "<group>"; };
		314FE3B3200C5B380067984B /* Assets.xcassets */ = {isa = PBXFileReference; lastKnownFileType = folder.assetcatalog; path = Assets.xcassets; sourceTree = "<group>"; };
		314FE3B6200C5B380067984B /* Base */ = {isa = PBXFileReference; lastKnownFileType = file.xib; name = Base; path = Base.lproj/MainMenu.xib; sourceTree = "<group>"; };
		314FE3B8200C5B380067984B /* Info.plist */ = {isa = PBXFileReference; lastKnownFileType = text.plist.xml; path = Info.plist; sourceTree = "<group>"; };
		314FE3B9200C5B380067984B /* main.m */ = {isa = PBXFileReference; lastKnownFileType = sourcecode.c.objc; path = main.m; sourceTree = "<group>"; };
		314FE3BB200C5B380067984B /* Scene.entitlements */ = {isa = PBXFileReference; lastKnownFileType = text.plist.entitlements; path = Scene.entitlements; sourceTree = "<group>"; };
		314FE3BF200C5B900067984B /* TestController.h */ = {isa = PBXFileReference; lastKnownFileType = sourcecode.c.h; path = TestController.h; sourceTree = "<group>"; };
		314FE3C0200C5B900067984B /* TestController.m */ = {isa = PBXFileReference; lastKnownFileType = sourcecode.c.objc; path = TestController.m; sourceTree = "<group>"; };
		314FE3C1200C5B900067984B /* TestController.xib */ = {isa = PBXFileReference; lastKnownFileType = file.xib; path = TestController.xib; sourceTree = "<group>"; };
		314FE3C4200C5C9A0067984B /* SceneKit.framework */ = {isa = PBXFileReference; lastKnownFileType = wrapper.framework; name = SceneKit.framework; path = System/Library/Frameworks/SceneKit.framework; sourceTree = SDKROOT; };
		314FE3C6200C5C9F0067984B /* SpriteKit.framework */ = {isa = PBXFileReference; lastKnownFileType = wrapper.framework; name = SpriteKit.framework; path = System/Library/Frameworks/SpriteKit.framework; sourceTree = SDKROOT; };
		314FE3CE200C83D30067984B /* Scene.h */ = {isa = PBXFileReference; lastKnownFileType = sourcecode.c.h; path = Scene.h; sourceTree = "<group>"; };
		314FE3CF200C83D30067984B /* Scene.m */ = {isa = PBXFileReference; lastKnownFileType = sourcecode.c.objc; path = Scene.m; sourceTree = "<group>"; };
		314FE3D5200CAF120067984B /* GLKit.framework */ = {isa = PBXFileReference; lastKnownFileType = wrapper.framework; name = GLKit.framework; path = System/Library/Frameworks/GLKit.framework; sourceTree = SDKROOT; };
		314FE3D7200CAF560067984B /* GLView.h */ = {isa = PBXFileReference; lastKnownFileType = sourcecode.c.h; path = GLView.h; sourceTree = "<group>"; };
		314FE3D8200CAF560067984B /* GLView.m */ = {isa = PBXFileReference; lastKnownFileType = sourcecode.c.objc; path = GLView.m; sourceTree = "<group>"; };
		314FE462200F77740067984B /* Texture.cpp */ = {isa = PBXFileReference; lastKnownFileType = sourcecode.cpp.cpp; path = Texture.cpp; sourceTree = "<group>"; };
		314FE463200F77740067984B /* Texture.h */ = {isa = PBXFileReference; lastKnownFileType = sourcecode.c.h; path = Texture.h; sourceTree = "<group>"; };
		314FE466200F789F0067984B /* Scene.cpp */ = {isa = PBXFileReference; lastKnownFileType = sourcecode.cpp.cpp; path = Scene.cpp; sourceTree = "<group>"; };
		314FE467200F789F0067984B /* Scene.h */ = {isa = PBXFileReference; lastKnownFileType = sourcecode.c.h; path = Scene.h; sourceTree = "<group>"; };
		314FE46A200F78E40067984B /* Animate.cpp */ = {isa = PBXFileReference; lastKnownFileType = sourcecode.cpp.cpp; path = Animate.cpp; sourceTree = "<group>"; };
		314FE46B200F78E40067984B /* Animate.h */ = {isa = PBXFileReference; lastKnownFileType = sourcecode.c.h; path = Animate.h; sourceTree = "<group>"; };
		314FE46E20104D9F0067984B /* CoreGraphics.framework */ = {isa = PBXFileReference; lastKnownFileType = wrapper.framework; name = CoreGraphics.framework; path = System/Library/Frameworks/CoreGraphics.framework; sourceTree = SDKROOT; };
		314FE47020104DAF0067984B /* QuartzCore.framework */ = {isa = PBXFileReference; lastKnownFileType = wrapper.framework; name = QuartzCore.framework; path = System/Library/Frameworks/QuartzCore.framework; sourceTree = SDKROOT; };
		314FE47120104DAF0067984B /* Quartz.framework */ = {isa = PBXFileReference; lastKnownFileType = wrapper.framework; name = Quartz.framework; path = System/Library/Frameworks/Quartz.framework; sourceTree = SDKROOT; };
		314FE47420104EDC0067984B /* util.cpp */ = {isa = PBXFileReference; lastKnownFileType = sourcecode.cpp.cpp; path = util.cpp; sourceTree = "<group>"; };
		314FE476201054190067984B /* AnimatePosition.cpp */ = {isa = PBXFileReference; lastKnownFileType = sourcecode.cpp.cpp; path = AnimatePosition.cpp; sourceTree = "<group>"; };
		314FE477201054190067984B /* AnimatePosition.h */ = {isa = PBXFileReference; lastKnownFileType = sourcecode.c.h; path = AnimatePosition.h; sourceTree = "<group>"; };
		314FE47E20107F180067984B /* libstdc++.tbd */ = {isa = PBXFileReference; lastKnownFileType = "sourcecode.text-based-dylib-definition"; name = "libstdc++.tbd"; path = "usr/lib/libstdc++.tbd"; sourceTree = SDKROOT; };
		314FE48120108D570067984B /* Transform.h */ = {isa = PBXFileReference; lastKnownFileType = sourcecode.c.h; path = Transform.h; sourceTree = "<group>"; };
		31CB9B6C2008D0CD0068D9B7 /* gmath.h */ = {isa = PBXFileReference; lastKnownFileType = sourcecode.c.h; path = gmath.h; sourceTree = "<group>"; };
		31CB9B732009B9C70068D9B7 /* Foundation.framework */ = {isa = PBXFileReference; lastKnownFileType = wrapper.framework; name = Foundation.framework; path = System/Library/Frameworks/Foundation.framework; sourceTree = SDKROOT; };
		31CB9B782009C3830068D9B7 /* util.h */ = {isa = PBXFileReference; lastKnownFileType = sourcecode.c.h; path = util.h; sourceTree = "<group>"; };
		31CB9B792009C5C00068D9B7 /* Object.cpp */ = {isa = PBXFileReference; lastKnownFileType = sourcecode.cpp.cpp; path = Object.cpp; sourceTree = "<group>"; };
		31CB9B7A2009C5C00068D9B7 /* Object.h */ = {isa = PBXFileReference; lastKnownFileType = sourcecode.c.h; path = Object.h; sourceTree = "<group>"; };
		31CB9B812009D99F0068D9B7 /* Camera.cpp */ = {isa = PBXFileReference; lastKnownFileType = sourcecode.cpp.cpp; path = Camera.cpp; sourceTree = "<group>"; };
		31CB9B822009D99F0068D9B7 /* Camera.h */ = {isa = PBXFileReference; lastKnownFileType = sourcecode.c.h; path = Camera.h; sourceTree = "<group>"; };
		31CB9B862009EBD10068D9B7 /* Context.cpp */ = {isa = PBXFileReference; lastKnownFileType = sourcecode.cpp.cpp; path = Context.cpp; sourceTree = "<group>"; };
		31CB9B872009EBD10068D9B7 /* Context.h */ = {isa = PBXFileReference; lastKnownFileType = sourcecode.c.h; path = Context.h; sourceTree = "<group>"; };
		31CB9B8A2009F5DA0068D9B7 /* BufferContext.cpp */ = {isa = PBXFileReference; lastKnownFileType = sourcecode.cpp.cpp; path = BufferContext.cpp; sourceTree = "<group>"; };
		31CB9B8B2009F5DA0068D9B7 /* BufferContext.h */ = {isa = PBXFileReference; lastKnownFileType = sourcecode.c.h; path = BufferContext.h; sourceTree = "<group>"; };
		31CB9B94200A150C0068D9B7 /* log.h */ = {isa = PBXFileReference; fileEncoding = 4; lastKnownFileType = sourcecode.c.h; path = log.h; sourceTree = "<group>"; };
		31CB9B95200A150C0068D9B7 /* log.cpp */ = {isa = PBXFileReference; fileEncoding = 4; lastKnownFileType = sourcecode.cpp.cpp; path = log.cpp; sourceTree = "<group>"; };
		31CB9B98200A18750068D9B7 /* Node.cpp */ = {isa = PBXFileReference; lastKnownFileType = sourcecode.cpp.cpp; path = Node.cpp; sourceTree = "<group>"; };
		31CB9B99200A18750068D9B7 /* Node.h */ = {isa = PBXFileReference; lastKnownFileType = sourcecode.c.h; path = Node.h; sourceTree = "<group>"; };
		31CB9B9D200A1F6D0068D9B7 /* Axis.cpp */ = {isa = PBXFileReference; fileEncoding = 4; lastKnownFileType = sourcecode.cpp.cpp; path = Axis.cpp; sourceTree = "<group>"; };
		31CB9B9E200A1F6D0068D9B7 /* Axis.h */ = {isa = PBXFileReference; fileEncoding = 4; lastKnownFileType = sourcecode.c.h; path = Axis.h; sourceTree = "<group>"; };
		31CB9B9F200A1F6D0068D9B7 /* Matrix4.cpp */ = {isa = PBXFileReference; fileEncoding = 4; lastKnownFileType = sourcecode.cpp.cpp; path = Matrix4.cpp; sourceTree = "<group>"; };
		31CB9BA0200A1F6D0068D9B7 /* Matrix4.h */ = {isa = PBXFileReference; fileEncoding = 4; lastKnownFileType = sourcecode.c.h; path = Matrix4.h; sourceTree = "<group>"; };
		31CB9BA1200A1F6D0068D9B7 /* Vector3.cpp */ = {isa = PBXFileReference; fileEncoding = 4; lastKnownFileType = sourcecode.cpp.cpp; path = Vector3.cpp; sourceTree = "<group>"; };
		31CB9BA2200A1F6D0068D9B7 /* Vector3.h */ = {isa = PBXFileReference; fileEncoding = 4; lastKnownFileType = sourcecode.c.h; path = Vector3.h; sourceTree = "<group>"; };
		31CB9BB5200A25360068D9B7 /* Color.cpp */ = {isa = PBXFileReference; lastKnownFileType = sourcecode.cpp.cpp; path = Color.cpp; sourceTree = "<group>"; };
		31CB9BB6200A25360068D9B7 /* Color.h */ = {isa = PBXFileReference; lastKnownFileType = sourcecode.c.h; path = Color.h; sourceTree = "<group>"; };
		31CB9BBA200A29D80068D9B7 /* DraftImage.mm */ = {isa = PBXFileReference; lastKnownFileType = sourcecode.cpp.objcpp; path = DraftImage.mm; sourceTree = "<group>"; };
		31CB9BBB200A29D80068D9B7 /* DraftImage.h */ = {isa = PBXFileReference; lastKnownFileType = sourcecode.c.h; path = DraftImage.h; sourceTree = "<group>"; };
/* End PBXFileReference section */

/* Begin PBXFrameworksBuildPhase section */
		3124F0C01FFB37F40005EDDE /* Frameworks */ = {
			isa = PBXFrameworksBuildPhase;
			buildActionMask = 2147483647;
			files = (
			);
			runOnlyForDeploymentPostprocessing = 0;
		};
		3124F0F11FFB463A0005EDDE /* Frameworks */ = {
			isa = PBXFrameworksBuildPhase;
			buildActionMask = 2147483647;
			files = (
				314FE3D6200CAF120067984B /* GLKit.framework in Frameworks */,
				3124F1101FFB48D30005EDDE /* liba3d.a in Frameworks */,
			);
			runOnlyForDeploymentPostprocessing = 0;
		};
		3124F14A200371EB0005EDDE /* Frameworks */ = {
			isa = PBXFrameworksBuildPhase;
			buildActionMask = 2147483647;
			files = (
				3124F154200372690005EDDE /* liba3d.a in Frameworks */,
			);
			runOnlyForDeploymentPostprocessing = 0;
		};
		314FE3AB200C5B380067984B /* Frameworks */ = {
			isa = PBXFrameworksBuildPhase;
			buildActionMask = 2147483647;
			files = (
				314FE3D4200C93060067984B /* liba3d.a in Frameworks */,
				314FE3C7200C5C9F0067984B /* SpriteKit.framework in Frameworks */,
				314FE3C5200C5C9A0067984B /* SceneKit.framework in Frameworks */,
			);
			runOnlyForDeploymentPostprocessing = 0;
		};
/* End PBXFrameworksBuildPhase section */

/* Begin PBXGroup section */
		3124F0BA1FFB37F40005EDDE = {
			isa = PBXGroup;
			children = (
				3124F0C51FFB37F40005EDDE /* a3d */,
				3124F0F51FFB463A0005EDDE /* Test */,
				3124F14E200371EB0005EDDE /* Cli */,
				314FE3AF200C5B380067984B /* Scene */,
				3124F0C41FFB37F40005EDDE /* Products */,
				3124F10F1FFB48D30005EDDE /* Frameworks */,
			);
			sourceTree = "<group>";
		};
		3124F0C41FFB37F40005EDDE /* Products */ = {
			isa = PBXGroup;
			children = (
				3124F0C31FFB37F40005EDDE /* liba3d.a */,
				3124F0F41FFB463A0005EDDE /* Test.app */,
				3124F14D200371EB0005EDDE /* Cli */,
				314FE3AE200C5B380067984B /* Scene.app */,
			);
			name = Products;
			sourceTree = "<group>";
		};
		3124F0C51FFB37F40005EDDE /* a3d */ = {
			isa = PBXGroup;
			children = (
				31CB9B93200A14DD0068D9B7 /* util */,
				31CB9B9C200A1F550068D9B7 /* math */,
				31CB9B6D2009B4C20068D9B7 /* core */,
				31CB9B852009EA4A0068D9B7 /* gl */,
				3124F1221FFCAB9E0005EDDE /* draft */,
				3124F0C61FFB37F40005EDDE /* a3d.h */,
				31CB9B782009C3830068D9B7 /* util.h */,
				314FE47420104EDC0067984B /* util.cpp */,
				31CB9B6C2008D0CD0068D9B7 /* gmath.h */,
				3124F1412001C71D0005EDDE /* GEulerAngle.h */,
				3124F1422001C71D0005EDDE /* GEulerAngle.m */,
				3124F0D71FFB38A40005EDDE /* GCamera.h */,
				3124F0DA1FFB38A40005EDDE /* GCamera.m */,
				3124F0EC1FFB3C160005EDDE /* PrefixHeader.pch */,
			);
			path = a3d;
			sourceTree = "<group>";
		};
		3124F0F51FFB463A0005EDDE /* Test */ = {
			isa = PBXGroup;
			children = (
				3124F0F61FFB463A0005EDDE /* AppDelegate.h */,
				3124F0F71FFB463A0005EDDE /* AppDelegate.m */,
				3124F1081FFB47940005EDDE /* TestController.h */,
				3124F1061FFB47940005EDDE /* TestController.m */,
				3124F1351FFF984D0005EDDE /* MySprite.h */,
				3124F1361FFF984D0005EDDE /* MySprite.mm */,
				3124F1331FFE2CB80005EDDE /* test.c */,
				3124F10C1FFB48A60005EDDE /* MyOpenGLView.h */,
				3124F10D1FFB48A60005EDDE /* MyOpenGLView.mm */,
				3124F10B1FFB488E0005EDDE /* xib */,
				3124F1051FFB469B0005EDDE /* Supporting Files */,
			);
			path = Test;
			sourceTree = "<group>";
		};
		3124F1051FFB469B0005EDDE /* Supporting Files */ = {
			isa = PBXGroup;
			children = (
				3124F0FF1FFB463A0005EDDE /* main.m */,
				3124F0F91FFB463A0005EDDE /* Assets.xcassets */,
				3124F0FE1FFB463A0005EDDE /* Info.plist */,
				3124F1011FFB463A0005EDDE /* Test.entitlements */,
			);
			name = "Supporting Files";
			sourceTree = "<group>";
		};
		3124F10B1FFB488E0005EDDE /* xib */ = {
			isa = PBXGroup;
			children = (
				3124F1071FFB47940005EDDE /* TestController.xib */,
				3124F0FB1FFB463A0005EDDE /* MainMenu.xib */,
			);
			name = xib;
			sourceTree = "<group>";
		};
		3124F10F1FFB48D30005EDDE /* Frameworks */ = {
			isa = PBXGroup;
			children = (
				314FE47E20107F180067984B /* libstdc++.tbd */,
				314FE47120104DAF0067984B /* Quartz.framework */,
				314FE47020104DAF0067984B /* QuartzCore.framework */,
				314FE46E20104D9F0067984B /* CoreGraphics.framework */,
				314FE3D5200CAF120067984B /* GLKit.framework */,
				314FE3C6200C5C9F0067984B /* SpriteKit.framework */,
				314FE3C4200C5C9A0067984B /* SceneKit.framework */,
				31CB9B732009B9C70068D9B7 /* Foundation.framework */,
			);
			name = Frameworks;
			sourceTree = "<group>";
		};
		3124F1221FFCAB9E0005EDDE /* draft */ = {
			isa = PBXGroup;
			children = (
				3124F1231FFCABE80005EDDE /* DraftScene.h */,
				3124F1241FFCABE80005EDDE /* DraftScene.mm */,
				3124F12B1FFDEB560005EDDE /* DraftSprite.h */,
				3124F12C1FFDEB560005EDDE /* DraftSprite.mm */,
				31CB9BBB200A29D80068D9B7 /* DraftImage.h */,
				31CB9BBA200A29D80068D9B7 /* DraftImage.mm */,
			);
			path = draft;
			sourceTree = "<group>";
		};
		3124F14E200371EB0005EDDE /* Cli */ = {
			isa = PBXGroup;
			children = (
				3124F14F200371EB0005EDDE /* main.m */,
			);
			path = Cli;
			sourceTree = "<group>";
		};
		314FE3AF200C5B380067984B /* Scene */ = {
			isa = PBXGroup;
			children = (
				314FE3B0200C5B380067984B /* AppDelegate.h */,
				314FE3B1200C5B380067984B /* AppDelegate.m */,
				314FE3BF200C5B900067984B /* TestController.h */,
				314FE3C0200C5B900067984B /* TestController.m */,
				314FE3CE200C83D30067984B /* Scene.h */,
				314FE3CF200C83D30067984B /* Scene.m */,
				314FE3C1200C5B900067984B /* TestController.xib */,
				314FE3B3200C5B380067984B /* Assets.xcassets */,
				314FE3B5200C5B380067984B /* MainMenu.xib */,
				314FE3B8200C5B380067984B /* Info.plist */,
				314FE3B9200C5B380067984B /* main.m */,
				314FE3BB200C5B380067984B /* Scene.entitlements */,
			);
			path = Scene;
			sourceTree = "<group>";
		};
		31CB9B6D2009B4C20068D9B7 /* core */ = {
			isa = PBXGroup;
			children = (
				31CB9BB6200A25360068D9B7 /* Color.h */,
				31CB9BB5200A25360068D9B7 /* Color.cpp */,
				31CB9B7A2009C5C00068D9B7 /* Object.h */,
				31CB9B792009C5C00068D9B7 /* Object.cpp */,
				314FE48120108D570067984B /* Transform.h */,
				31CB9B822009D99F0068D9B7 /* Camera.h */,
				31CB9B812009D99F0068D9B7 /* Camera.cpp */,
				31CB9B99200A18750068D9B7 /* Node.h */,
				31CB9B98200A18750068D9B7 /* Node.cpp */,
				314FE46B200F78E40067984B /* Animate.h */,
				314FE46A200F78E40067984B /* Animate.cpp */,
				314FE477201054190067984B /* AnimatePosition.h */,
				314FE476201054190067984B /* AnimatePosition.cpp */,
				314FE467200F789F0067984B /* Scene.h */,
				314FE466200F789F0067984B /* Scene.cpp */,
			);
			path = core;
			sourceTree = "<group>";
		};
		31CB9B852009EA4A0068D9B7 /* gl */ = {
			isa = PBXGroup;
			children = (
				31CB9B872009EBD10068D9B7 /* Context.h */,
				31CB9B862009EBD10068D9B7 /* Context.cpp */,
				31CB9B8B2009F5DA0068D9B7 /* BufferContext.h */,
				31CB9B8A2009F5DA0068D9B7 /* BufferContext.cpp */,
				314FE463200F77740067984B /* Texture.h */,
				314FE462200F77740067984B /* Texture.cpp */,
				314FE3D7200CAF560067984B /* GLView.h */,
				314FE3D8200CAF560067984B /* GLView.m */,
			);
			path = gl;
			sourceTree = "<group>";
		};
		31CB9B93200A14DD0068D9B7 /* util */ = {
			isa = PBXGroup;
			children = (
				31CB9B94200A150C0068D9B7 /* log.h */,
				31CB9B95200A150C0068D9B7 /* log.cpp */,
			);
			path = util;
			sourceTree = "<group>";
		};
		31CB9B9C200A1F550068D9B7 /* math */ = {
			isa = PBXGroup;
			children = (
				31CB9B9E200A1F6D0068D9B7 /* Axis.h */,
				31CB9B9D200A1F6D0068D9B7 /* Axis.cpp */,
				31CB9BA0200A1F6D0068D9B7 /* Matrix4.h */,
				31CB9B9F200A1F6D0068D9B7 /* Matrix4.cpp */,
				31CB9BA2200A1F6D0068D9B7 /* Vector3.h */,
				31CB9BA1200A1F6D0068D9B7 /* Vector3.cpp */,
			);
			path = math;
			sourceTree = "<group>";
		};
/* End PBXGroup section */

/* Begin PBXHeadersBuildPhase section */
		3124F0C11FFB37F40005EDDE /* Headers */ = {
			isa = PBXHeadersBuildPhase;
			buildActionMask = 2147483647;
			files = (
				3124F0E31FFB38A40005EDDE /* GCamera.h in Headers */,
				31CB9BA4200A1F6D0068D9B7 /* Axis.h in Headers */,
				314FE3D9200CAF560067984B /* GLView.h in Headers */,
				31CB9B892009EBD10068D9B7 /* Context.h in Headers */,
				314FE48320108D570067984B /* Transform.h in Headers */,
				31CB9BBD200A29D80068D9B7 /* DraftImage.h in Headers */,
				314FE469200F789F0067984B /* Scene.h in Headers */,
				31CB9BA8200A1F6D0068D9B7 /* Vector3.h in Headers */,
				3124F0C71FFB37F40005EDDE /* a3d.h in Headers */,
				31CB9B7C2009C5C00068D9B7 /* Object.h in Headers */,
				31CB9B9B200A18750068D9B7 /* Node.h in Headers */,
				314FE465200F77740067984B /* Texture.h in Headers */,
				31CB9B96200A150C0068D9B7 /* log.h in Headers */,
				3124F12D1FFDEB560005EDDE /* DraftSprite.h in Headers */,
				3124F1432001C71D0005EDDE /* GEulerAngle.h in Headers */,
				314FE479201054190067984B /* AnimatePosition.h in Headers */,
				314FE46D200F78E40067984B /* Animate.h in Headers */,
				3124F0ED1FFB3C160005EDDE /* PrefixHeader.pch in Headers */,
				31CB9B8D2009F5DA0068D9B7 /* BufferContext.h in Headers */,
				31CB9BA6200A1F6D0068D9B7 /* Matrix4.h in Headers */,
				3124F1251FFCABE80005EDDE /* DraftScene.h in Headers */,
				31CB9BB8200A25360068D9B7 /* Color.h in Headers */,
				31CB9B842009D99F0068D9B7 /* Camera.h in Headers */,
			);
			runOnlyForDeploymentPostprocessing = 0;
		};
/* End PBXHeadersBuildPhase section */

/* Begin PBXNativeTarget section */
		3124F0C21FFB37F40005EDDE /* a3d */ = {
			isa = PBXNativeTarget;
			buildConfigurationList = 3124F0CC1FFB37F40005EDDE /* Build configuration list for PBXNativeTarget "a3d" */;
			buildPhases = (
				3124F0BF1FFB37F40005EDDE /* Sources */,
				3124F0C01FFB37F40005EDDE /* Frameworks */,
				3124F0C11FFB37F40005EDDE /* Headers */,
				3124F0EE1FFB42AE0005EDDE /* CopyFiles */,
			);
			buildRules = (
			);
			dependencies = (
			);
			name = a3d;
			productName = a3d;
			productReference = 3124F0C31FFB37F40005EDDE /* liba3d.a */;
			productType = "com.apple.product-type.library.static";
		};
		3124F0F31FFB463A0005EDDE /* Test */ = {
			isa = PBXNativeTarget;
			buildConfigurationList = 3124F1021FFB463A0005EDDE /* Build configuration list for PBXNativeTarget "Test" */;
			buildPhases = (
				3124F0F01FFB463A0005EDDE /* Sources */,
				3124F0F11FFB463A0005EDDE /* Frameworks */,
				3124F0F21FFB463A0005EDDE /* Resources */,
			);
			buildRules = (
			);
			dependencies = (
			);
			name = Test;
			productName = Test;
			productReference = 3124F0F41FFB463A0005EDDE /* Test.app */;
			productType = "com.apple.product-type.application";
		};
		3124F14C200371EB0005EDDE /* Cli */ = {
			isa = PBXNativeTarget;
			buildConfigurationList = 3124F151200371EB0005EDDE /* Build configuration list for PBXNativeTarget "Cli" */;
			buildPhases = (
				3124F149200371EB0005EDDE /* Sources */,
				3124F14A200371EB0005EDDE /* Frameworks */,
				3124F14B200371EB0005EDDE /* CopyFiles */,
			);
			buildRules = (
			);
			dependencies = (
			);
			name = Cli;
			productName = Cli;
			productReference = 3124F14D200371EB0005EDDE /* Cli */;
			productType = "com.apple.product-type.tool";
		};
		314FE3AD200C5B380067984B /* Scene */ = {
			isa = PBXNativeTarget;
			buildConfigurationList = 314FE3BC200C5B380067984B /* Build configuration list for PBXNativeTarget "Scene" */;
			buildPhases = (
				314FE3AA200C5B380067984B /* Sources */,
				314FE3AB200C5B380067984B /* Frameworks */,
				314FE3AC200C5B380067984B /* Resources */,
			);
			buildRules = (
			);
			dependencies = (
			);
			name = Scene;
			productName = Scene;
			productReference = 314FE3AE200C5B380067984B /* Scene.app */;
			productType = "com.apple.product-type.application";
		};
/* End PBXNativeTarget section */

/* Begin PBXProject section */
		3124F0BB1FFB37F40005EDDE /* Project object */ = {
			isa = PBXProject;
			attributes = {
				LastSwiftUpdateCheck = 0920;
				LastUpgradeCheck = 0910;
				ORGANIZATIONNAME = ideawu;
				TargetAttributes = {
					3124F0C21FFB37F40005EDDE = {
						CreatedOnToolsVersion = 9.1;
						ProvisioningStyle = Automatic;
					};
					3124F0F31FFB463A0005EDDE = {
						CreatedOnToolsVersion = 9.1;
						ProvisioningStyle = Automatic;
						SystemCapabilities = {
							com.apple.Sandbox = {
								enabled = 0;
							};
						};
					};
					3124F14C200371EB0005EDDE = {
						CreatedOnToolsVersion = 9.1;
						ProvisioningStyle = Automatic;
					};
					314FE3AD200C5B380067984B = {
						CreatedOnToolsVersion = 9.2;
						ProvisioningStyle = Automatic;
						SystemCapabilities = {
							com.apple.Sandbox = {
								enabled = 0;
							};
						};
					};
				};
			};
			buildConfigurationList = 3124F0BE1FFB37F40005EDDE /* Build configuration list for PBXProject "a3d" */;
			compatibilityVersion = "Xcode 8.0";
			developmentRegion = en;
			hasScannedForEncodings = 0;
			knownRegions = (
				en,
				Base,
			);
			mainGroup = 3124F0BA1FFB37F40005EDDE;
			productRefGroup = 3124F0C41FFB37F40005EDDE /* Products */;
			projectDirPath = "";
			projectRoot = "";
			targets = (
				3124F0C21FFB37F40005EDDE /* a3d */,
				3124F0F31FFB463A0005EDDE /* Test */,
				3124F14C200371EB0005EDDE /* Cli */,
				314FE3AD200C5B380067984B /* Scene */,
			);
		};
/* End PBXProject section */

/* Begin PBXResourcesBuildPhase section */
		3124F0F21FFB463A0005EDDE /* Resources */ = {
			isa = PBXResourcesBuildPhase;
			buildActionMask = 2147483647;
			files = (
				3124F10A1FFB47940005EDDE /* TestController.xib in Resources */,
				3124F0FA1FFB463A0005EDDE /* Assets.xcassets in Resources */,
				3124F0FD1FFB463A0005EDDE /* MainMenu.xib in Resources */,
			);
			runOnlyForDeploymentPostprocessing = 0;
		};
		314FE3AC200C5B380067984B /* Resources */ = {
			isa = PBXResourcesBuildPhase;
			buildActionMask = 2147483647;
			files = (
				314FE3C3200C5B900067984B /* TestController.xib in Resources */,
				314FE3B4200C5B380067984B /* Assets.xcassets in Resources */,
				314FE3B7200C5B380067984B /* MainMenu.xib in Resources */,
			);
			runOnlyForDeploymentPostprocessing = 0;
		};
/* End PBXResourcesBuildPhase section */

/* Begin PBXSourcesBuildPhase section */
		3124F0BF1FFB37F40005EDDE /* Sources */ = {
			isa = PBXSourcesBuildPhase;
			buildActionMask = 2147483647;
			files = (
				314FE464200F77740067984B /* Texture.cpp in Sources */,
				31CB9BA3200A1F6D0068D9B7 /* Axis.cpp in Sources */,
				31CB9B882009EBD10068D9B7 /* Context.cpp in Sources */,
				31CB9BA7200A1F6D0068D9B7 /* Vector3.cpp in Sources */,
				31CB9BB7200A25360068D9B7 /* Color.cpp in Sources */,
				31CB9B9A200A18750068D9B7 /* Node.cpp in Sources */,
				31CB9BA5200A1F6D0068D9B7 /* Matrix4.cpp in Sources */,
				314FE468200F789F0067984B /* Scene.cpp in Sources */,
				31CB9B8C2009F5DA0068D9B7 /* BufferContext.cpp in Sources */,
				31CB9BBC200A29D80068D9B7 /* DraftImage.mm in Sources */,
				314FE47520104EDC0067984B /* util.cpp in Sources */,
				31CB9B7B2009C5C00068D9B7 /* Object.cpp in Sources */,
				3124F12E1FFDEB560005EDDE /* DraftSprite.mm in Sources */,
				31CB9B832009D99F0068D9B7 /* Camera.cpp in Sources */,
				3124F1261FFCABE80005EDDE /* DraftScene.mm in Sources */,
				314FE478201054190067984B /* AnimatePosition.cpp in Sources */,
				314FE3DA200CAF560067984B /* GLView.m in Sources */,
				314FE46C200F78E40067984B /* Animate.cpp in Sources */,
			);
			runOnlyForDeploymentPostprocessing = 0;
		};
		3124F0F01FFB463A0005EDDE /* Sources */ = {
			isa = PBXSourcesBuildPhase;
			buildActionMask = 2147483647;
			files = (
				3124F1001FFB463A0005EDDE /* main.m in Sources */,
				3124F1091FFB47940005EDDE /* TestController.m in Sources */,
				3124F0F81FFB463A0005EDDE /* AppDelegate.m in Sources */,
				3124F1371FFF984D0005EDDE /* MySprite.mm in Sources */,
				3124F10E1FFB48A70005EDDE /* MyOpenGLView.mm in Sources */,
			);
			runOnlyForDeploymentPostprocessing = 0;
		};
		3124F149200371EB0005EDDE /* Sources */ = {
			isa = PBXSourcesBuildPhase;
			buildActionMask = 2147483647;
			files = (
				3124F150200371EB0005EDDE /* main.m in Sources */,
			);
			runOnlyForDeploymentPostprocessing = 0;
		};
		314FE3AA200C5B380067984B /* Sources */ = {
			isa = PBXSourcesBuildPhase;
			buildActionMask = 2147483647;
			files = (
				314FE3BA200C5B380067984B /* main.m in Sources */,
				314FE3C2200C5B900067984B /* TestController.m in Sources */,
				314FE3B2200C5B380067984B /* AppDelegate.m in Sources */,
				314FE3D0200C83D30067984B /* Scene.m in Sources */,
			);
			runOnlyForDeploymentPostprocessing = 0;
		};
/* End PBXSourcesBuildPhase section */

/* Begin PBXVariantGroup section */
		3124F0FB1FFB463A0005EDDE /* MainMenu.xib */ = {
			isa = PBXVariantGroup;
			children = (
				3124F0FC1FFB463A0005EDDE /* Base */,
			);
			name = MainMenu.xib;
			sourceTree = "<group>";
		};
		314FE3B5200C5B380067984B /* MainMenu.xib */ = {
			isa = PBXVariantGroup;
			children = (
				314FE3B6200C5B380067984B /* Base */,
			);
			name = MainMenu.xib;
			sourceTree = "<group>";
		};
/* End PBXVariantGroup section */

/* Begin XCBuildConfiguration section */
		3124F0CA1FFB37F40005EDDE /* Debug */ = {
			isa = XCBuildConfiguration;
			buildSettings = {
				ALWAYS_SEARCH_USER_PATHS = NO;
				CLANG_ANALYZER_NONNULL = YES;
				CLANG_ANALYZER_NUMBER_OBJECT_CONVERSION = YES_AGGRESSIVE;
				CLANG_CXX_LANGUAGE_STANDARD = "gnu++14";
				CLANG_CXX_LIBRARY = "libc++";
				CLANG_ENABLE_MODULES = YES;
				CLANG_ENABLE_OBJC_ARC = YES;
				CLANG_WARN_BLOCK_CAPTURE_AUTORELEASING = YES;
				CLANG_WARN_BOOL_CONVERSION = YES;
				CLANG_WARN_COMMA = YES;
				CLANG_WARN_CONSTANT_CONVERSION = YES;
				CLANG_WARN_DIRECT_OBJC_ISA_USAGE = YES_ERROR;
				CLANG_WARN_DOCUMENTATION_COMMENTS = YES;
				CLANG_WARN_EMPTY_BODY = YES;
				CLANG_WARN_ENUM_CONVERSION = YES;
				CLANG_WARN_INFINITE_RECURSION = YES;
				CLANG_WARN_INT_CONVERSION = YES;
				CLANG_WARN_NON_LITERAL_NULL_CONVERSION = YES;
				CLANG_WARN_OBJC_LITERAL_CONVERSION = YES;
				CLANG_WARN_OBJC_ROOT_CLASS = YES_ERROR;
				CLANG_WARN_RANGE_LOOP_ANALYSIS = YES;
				CLANG_WARN_STRICT_PROTOTYPES = YES;
				CLANG_WARN_SUSPICIOUS_MOVE = YES;
				CLANG_WARN_UNGUARDED_AVAILABILITY = YES_AGGRESSIVE;
				CLANG_WARN_UNREACHABLE_CODE = YES;
				CLANG_WARN__DUPLICATE_METHOD_MATCH = YES;
				CODE_SIGN_IDENTITY = "-";
				COPY_PHASE_STRIP = NO;
				DEBUG_INFORMATION_FORMAT = dwarf;
				ENABLE_STRICT_OBJC_MSGSEND = YES;
				ENABLE_TESTABILITY = YES;
				GCC_C_LANGUAGE_STANDARD = gnu11;
				GCC_DYNAMIC_NO_PIC = NO;
				GCC_NO_COMMON_BLOCKS = YES;
				GCC_OPTIMIZATION_LEVEL = 0;
				GCC_PREFIX_HEADER = a3d/PrefixHeader.pch;
				GCC_PREPROCESSOR_DEFINITIONS = (
					"DEBUG=1",
					"$(inherited)",
				);
				GCC_WARN_64_TO_32_BIT_CONVERSION = YES;
				GCC_WARN_ABOUT_RETURN_TYPE = YES_ERROR;
				GCC_WARN_UNDECLARED_SELECTOR = YES;
				GCC_WARN_UNINITIALIZED_AUTOS = YES_AGGRESSIVE;
				GCC_WARN_UNUSED_FUNCTION = YES;
				GCC_WARN_UNUSED_VARIABLE = YES;
				MACOSX_DEPLOYMENT_TARGET = 10.13;
				MTL_ENABLE_DEBUG_INFO = YES;
				ONLY_ACTIVE_ARCH = YES;
				SDKROOT = macosx;
				SYMROOT = "";
			};
			name = Debug;
		};
		3124F0CB1FFB37F40005EDDE /* Release */ = {
			isa = XCBuildConfiguration;
			buildSettings = {
				ALWAYS_SEARCH_USER_PATHS = NO;
				CLANG_ANALYZER_NONNULL = YES;
				CLANG_ANALYZER_NUMBER_OBJECT_CONVERSION = YES_AGGRESSIVE;
				CLANG_CXX_LANGUAGE_STANDARD = "gnu++14";
				CLANG_CXX_LIBRARY = "libc++";
				CLANG_ENABLE_MODULES = YES;
				CLANG_ENABLE_OBJC_ARC = YES;
				CLANG_WARN_BLOCK_CAPTURE_AUTORELEASING = YES;
				CLANG_WARN_BOOL_CONVERSION = YES;
				CLANG_WARN_COMMA = YES;
				CLANG_WARN_CONSTANT_CONVERSION = YES;
				CLANG_WARN_DIRECT_OBJC_ISA_USAGE = YES_ERROR;
				CLANG_WARN_DOCUMENTATION_COMMENTS = YES;
				CLANG_WARN_EMPTY_BODY = YES;
				CLANG_WARN_ENUM_CONVERSION = YES;
				CLANG_WARN_INFINITE_RECURSION = YES;
				CLANG_WARN_INT_CONVERSION = YES;
				CLANG_WARN_NON_LITERAL_NULL_CONVERSION = YES;
				CLANG_WARN_OBJC_LITERAL_CONVERSION = YES;
				CLANG_WARN_OBJC_ROOT_CLASS = YES_ERROR;
				CLANG_WARN_RANGE_LOOP_ANALYSIS = YES;
				CLANG_WARN_STRICT_PROTOTYPES = YES;
				CLANG_WARN_SUSPICIOUS_MOVE = YES;
				CLANG_WARN_UNGUARDED_AVAILABILITY = YES_AGGRESSIVE;
				CLANG_WARN_UNREACHABLE_CODE = YES;
				CLANG_WARN__DUPLICATE_METHOD_MATCH = YES;
				CODE_SIGN_IDENTITY = "-";
				COPY_PHASE_STRIP = NO;
				DEBUG_INFORMATION_FORMAT = "dwarf-with-dsym";
				ENABLE_NS_ASSERTIONS = NO;
				ENABLE_STRICT_OBJC_MSGSEND = YES;
				GCC_C_LANGUAGE_STANDARD = gnu11;
				GCC_NO_COMMON_BLOCKS = YES;
				GCC_PREFIX_HEADER = a3d/PrefixHeader.pch;
				GCC_WARN_64_TO_32_BIT_CONVERSION = YES;
				GCC_WARN_ABOUT_RETURN_TYPE = YES_ERROR;
				GCC_WARN_UNDECLARED_SELECTOR = YES;
				GCC_WARN_UNINITIALIZED_AUTOS = YES_AGGRESSIVE;
				GCC_WARN_UNUSED_FUNCTION = YES;
				GCC_WARN_UNUSED_VARIABLE = YES;
				MACOSX_DEPLOYMENT_TARGET = 10.13;
				MTL_ENABLE_DEBUG_INFO = NO;
				SDKROOT = macosx;
				SYMROOT = "";
			};
			name = Release;
		};
		3124F0CD1FFB37F40005EDDE /* Debug */ = {
			isa = XCBuildConfiguration;
			buildSettings = {
				CODE_SIGN_STYLE = Automatic;
				EXECUTABLE_PREFIX = lib;
				GCC_PREFIX_HEADER = a3d/PrefixHeader.pch;
				PRODUCT_NAME = "$(TARGET_NAME)";
				SYMROOT = ./build;
			};
			name = Debug;
		};
		3124F0CE1FFB37F40005EDDE /* Release */ = {
			isa = XCBuildConfiguration;
			buildSettings = {
				CODE_SIGN_STYLE = Automatic;
				EXECUTABLE_PREFIX = lib;
				GCC_PREFIX_HEADER = a3d/PrefixHeader.pch;
				PRODUCT_NAME = "$(TARGET_NAME)";
				SYMROOT = ./build;
			};
			name = Release;
		};
		3124F1031FFB463A0005EDDE /* Debug */ = {
			isa = XCBuildConfiguration;
			buildSettings = {
				ASSETCATALOG_COMPILER_APPICON_NAME = AppIcon;
				CODE_SIGN_STYLE = Automatic;
				COMBINE_HIDPI_IMAGES = YES;
				HEADER_SEARCH_PATHS = "${BUILD_DIR}/${CONFIGURATION}";
				INFOPLIST_FILE = Test/Info.plist;
				LD_RUNPATH_SEARCH_PATHS = "$(inherited) @executable_path/../Frameworks";
				PRODUCT_BUNDLE_IDENTIFIER = com.ideawu.a3d.Test;
				PRODUCT_NAME = "$(TARGET_NAME)";
				SYMROOT = build;
			};
			name = Debug;
		};
		3124F1041FFB463A0005EDDE /* Release */ = {
			isa = XCBuildConfiguration;
			buildSettings = {
				ASSETCATALOG_COMPILER_APPICON_NAME = AppIcon;
				CODE_SIGN_STYLE = Automatic;
				COMBINE_HIDPI_IMAGES = YES;
				HEADER_SEARCH_PATHS = "${BUILD_DIR}/${CONFIGURATION}";
				INFOPLIST_FILE = Test/Info.plist;
				LD_RUNPATH_SEARCH_PATHS = "$(inherited) @executable_path/../Frameworks";
				PRODUCT_BUNDLE_IDENTIFIER = com.ideawu.a3d.Test;
				PRODUCT_NAME = "$(TARGET_NAME)";
				SYMROOT = build;
			};
			name = Release;
		};
		3124F152200371EB0005EDDE /* Debug */ = {
			isa = XCBuildConfiguration;
			buildSettings = {
				CODE_SIGN_STYLE = Automatic;
				PRODUCT_NAME = "$(TARGET_NAME)";
				SYMROOT = build;
			};
			name = Debug;
		};
		3124F153200371EB0005EDDE /* Release */ = {
			isa = XCBuildConfiguration;
			buildSettings = {
				CODE_SIGN_STYLE = Automatic;
				PRODUCT_NAME = "$(TARGET_NAME)";
				SYMROOT = build;
			};
			name = Release;
		};
		314FE3BD200C5B380067984B /* Debug */ = {
			isa = XCBuildConfiguration;
			buildSettings = {
				ASSETCATALOG_COMPILER_APPICON_NAME = AppIcon;
				CODE_SIGN_STYLE = Automatic;
				COMBINE_HIDPI_IMAGES = YES;
				INFOPLIST_FILE = Scene/Info.plist;
				LD_RUNPATH_SEARCH_PATHS = "$(inherited) @executable_path/../Frameworks";
				PRODUCT_BUNDLE_IDENTIFIER = com.ideawu.Scene;
				PRODUCT_NAME = "$(TARGET_NAME)";
				SYMROOT = build;
			};
			name = Debug;
		};
		314FE3BE200C5B380067984B /* Release */ = {
			isa = XCBuildConfiguration;
			buildSettings = {
				ASSETCATALOG_COMPILER_APPICON_NAME = AppIcon;
				CODE_SIGN_STYLE = Automatic;
				COMBINE_HIDPI_IMAGES = YES;
				INFOPLIST_FILE = Scene/Info.plist;
				LD_RUNPATH_SEARCH_PATHS = "$(inherited) @executable_path/../Frameworks";
				PRODUCT_BUNDLE_IDENTIFIER = com.ideawu.Scene;
				PRODUCT_NAME = "$(TARGET_NAME)";
				SYMROOT = build;
			};
			name = Release;
		};
/* End XCBuildConfiguration section */

/* Begin XCConfigurationList section */
		3124F0BE1FFB37F40005EDDE /* Build configuration list for PBXProject "a3d" */ = {
			isa = XCConfigurationList;
			buildConfigurations = (
				3124F0CA1FFB37F40005EDDE /* Debug */,
				3124F0CB1FFB37F40005EDDE /* Release */,
			);
			defaultConfigurationIsVisible = 0;
			defaultConfigurationName = Release;
		};
		3124F0CC1FFB37F40005EDDE /* Build configuration list for PBXNativeTarget "a3d" */ = {
			isa = XCConfigurationList;
			buildConfigurations = (
				3124F0CD1FFB37F40005EDDE /* Debug */,
				3124F0CE1FFB37F40005EDDE /* Release */,
			);
			defaultConfigurationIsVisible = 0;
			defaultConfigurationName = Release;
		};
		3124F1021FFB463A0005EDDE /* Build configuration list for PBXNativeTarget "Test" */ = {
			isa = XCConfigurationList;
			buildConfigurations = (
				3124F1031FFB463A0005EDDE /* Debug */,
				3124F1041FFB463A0005EDDE /* Release */,
			);
			defaultConfigurationIsVisible = 0;
			defaultConfigurationName = Release;
		};
		3124F151200371EB0005EDDE /* Build configuration list for PBXNativeTarget "Cli" */ = {
			isa = XCConfigurationList;
			buildConfigurations = (
				3124F152200371EB0005EDDE /* Debug */,
				3124F153200371EB0005EDDE /* Release */,
			);
			defaultConfigurationIsVisible = 0;
			defaultConfigurationName = Release;
		};
		314FE3BC200C5B380067984B /* Build configuration list for PBXNativeTarget "Scene" */ = {
			isa = XCConfigurationList;
			buildConfigurations = (
				314FE3BD200C5B380067984B /* Debug */,
				314FE3BE200C5B380067984B /* Release */,
			);
			defaultConfigurationIsVisible = 0;
			defaultConfigurationName = Release;
		};
/* End XCConfigurationList section */
	};
	rootObject = 3124F0BB1FFB37F40005EDDE /* Project object */;
}
