// !$*UTF8*$!
{
	archiveVersion = 1;
	classes = {
	};
	objectVersion = 46;
	objects = {

/* Begin PBXBuildFile section */
		083EF87120306E60009960EC /* AnimateSize.cpp in Sources */ = {isa = PBXBuildFile; fileRef = 083EF86F20306E60009960EC /* AnimateSize.cpp */; };
		083EF87220306E60009960EC /* AnimateSize.h in Headers */ = {isa = PBXBuildFile; fileRef = 083EF87020306E60009960EC /* AnimateSize.h */; };
		083EF875203073DF009960EC /* AnimateScale.cpp in Sources */ = {isa = PBXBuildFile; fileRef = 083EF873203073DF009960EC /* AnimateScale.cpp */; };
		083EF876203073DF009960EC /* AnimateScale.h in Headers */ = {isa = PBXBuildFile; fileRef = 083EF874203073DF009960EC /* AnimateScale.h */; };
		083EF8772034684C009960EC /* Animator.h in CopyFiles */ = {isa = PBXBuildFile; fileRef = 08B4CB45201DE4AF00EEC0C5 /* Animator.h */; };
		084619C4202F2D4100741AF2 /* Quaternion.cpp in Sources */ = {isa = PBXBuildFile; fileRef = 084619C2202F2D4100741AF2 /* Quaternion.cpp */; };
		084619C5202F2D4100741AF2 /* Quaternion.h in Headers */ = {isa = PBXBuildFile; fileRef = 084619C3202F2D4100741AF2 /* Quaternion.h */; };
		084619C6202F2EC500741AF2 /* GLKit.framework in Frameworks */ = {isa = PBXBuildFile; fileRef = 08B4CBD4201DEC7800EEC0C5 /* GLKit.framework */; };
		084619C7202F427200741AF2 /* Quaternion.h in CopyFiles */ = {isa = PBXBuildFile; fileRef = 084619C3202F2D4100741AF2 /* Quaternion.h */; };
		08B4CAED201DE3E300EEC0C5 /* a3d.h in Headers */ = {isa = PBXBuildFile; fileRef = 08B4CAEC201DE3E300EEC0C5 /* a3d.h */; };
		08B4CB11201DE49900EEC0C5 /* Axis.cpp in Sources */ = {isa = PBXBuildFile; fileRef = 08B4CB04201DE49900EEC0C5 /* Axis.cpp */; };
		08B4CB12201DE49900EEC0C5 /* Axis.h in Headers */ = {isa = PBXBuildFile; fileRef = 08B4CB05201DE49900EEC0C5 /* Axis.h */; };
		08B4CB13201DE49900EEC0C5 /* Color.cpp in Sources */ = {isa = PBXBuildFile; fileRef = 08B4CB06201DE49900EEC0C5 /* Color.cpp */; };
		08B4CB14201DE49900EEC0C5 /* Color.h in Headers */ = {isa = PBXBuildFile; fileRef = 08B4CB07201DE49900EEC0C5 /* Color.h */; };
		08B4CB15201DE49900EEC0C5 /* Matrix4.cpp in Sources */ = {isa = PBXBuildFile; fileRef = 08B4CB08201DE49900EEC0C5 /* Matrix4.cpp */; };
		08B4CB16201DE49900EEC0C5 /* Matrix4.h in Headers */ = {isa = PBXBuildFile; fileRef = 08B4CB09201DE49900EEC0C5 /* Matrix4.h */; };
		08B4CB17201DE49900EEC0C5 /* Point3.cpp in Sources */ = {isa = PBXBuildFile; fileRef = 08B4CB0A201DE49900EEC0C5 /* Point3.cpp */; };
		08B4CB18201DE49900EEC0C5 /* Point3.h in Headers */ = {isa = PBXBuildFile; fileRef = 08B4CB0B201DE49900EEC0C5 /* Point3.h */; };
		08B4CB19201DE49900EEC0C5 /* Frame.cpp in Sources */ = {isa = PBXBuildFile; fileRef = 08B4CB0C201DE49900EEC0C5 /* Frame.cpp */; };
		08B4CB1A201DE49900EEC0C5 /* Frame.h in Headers */ = {isa = PBXBuildFile; fileRef = 08B4CB0D201DE49900EEC0C5 /* Frame.h */; };
		08B4CB1B201DE49900EEC0C5 /* Vector3.cpp in Sources */ = {isa = PBXBuildFile; fileRef = 08B4CB0E201DE49900EEC0C5 /* Vector3.cpp */; };
		08B4CB1C201DE49900EEC0C5 /* Vector3.h in Headers */ = {isa = PBXBuildFile; fileRef = 08B4CB0F201DE49900EEC0C5 /* Vector3.h */; };
		08B4CB1D201DE49900EEC0C5 /* PrefixHeader.pch in Headers */ = {isa = PBXBuildFile; fileRef = 08B4CB10201DE49900EEC0C5 /* PrefixHeader.pch */; };
		08B4CB50201DE4AF00EEC0C5 /* Animate.cpp in Sources */ = {isa = PBXBuildFile; fileRef = 08B4CB1F201DE4AF00EEC0C5 /* Animate.cpp */; };
		08B4CB51201DE4AF00EEC0C5 /* Animate.h in Headers */ = {isa = PBXBuildFile; fileRef = 08B4CB20201DE4AF00EEC0C5 /* Animate.h */; };
		08B4CB52201DE4AF00EEC0C5 /* AnimationTypes.h in Headers */ = {isa = PBXBuildFile; fileRef = 08B4CB21201DE4AF00EEC0C5 /* AnimationTypes.h */; };
		08B4CB53201DE4AF00EEC0C5 /* Camera.cpp in Sources */ = {isa = PBXBuildFile; fileRef = 08B4CB22201DE4AF00EEC0C5 /* Camera.cpp */; };
		08B4CB54201DE4AF00EEC0C5 /* Camera.h in Headers */ = {isa = PBXBuildFile; fileRef = 08B4CB23201DE4AF00EEC0C5 /* Camera.h */; };
		08B4CB55201DE4AF00EEC0C5 /* Context.cpp in Sources */ = {isa = PBXBuildFile; fileRef = 08B4CB24201DE4AF00EEC0C5 /* Context.cpp */; };
		08B4CB56201DE4AF00EEC0C5 /* Context.h in Headers */ = {isa = PBXBuildFile; fileRef = 08B4CB25201DE4AF00EEC0C5 /* Context.h */; };
		08B4CB57201DE4AF00EEC0C5 /* Node.cpp in Sources */ = {isa = PBXBuildFile; fileRef = 08B4CB26201DE4AF00EEC0C5 /* Node.cpp */; };
		08B4CB58201DE4AF00EEC0C5 /* Node.h in Headers */ = {isa = PBXBuildFile; fileRef = 08B4CB27201DE4AF00EEC0C5 /* Node.h */; };
		08B4CB59201DE4AF00EEC0C5 /* Object.cpp in Sources */ = {isa = PBXBuildFile; fileRef = 08B4CB28201DE4AF00EEC0C5 /* Object.cpp */; };
		08B4CB5A201DE4AF00EEC0C5 /* Object.h in Headers */ = {isa = PBXBuildFile; fileRef = 08B4CB29201DE4AF00EEC0C5 /* Object.h */; };
		08B4CB5B201DE4AF00EEC0C5 /* Renderer.cpp in Sources */ = {isa = PBXBuildFile; fileRef = 08B4CB2A201DE4AF00EEC0C5 /* Renderer.cpp */; };
		08B4CB5C201DE4AF00EEC0C5 /* Renderer.h in Headers */ = {isa = PBXBuildFile; fileRef = 08B4CB2B201DE4AF00EEC0C5 /* Renderer.h */; };
		08B4CB5D201DE4AF00EEC0C5 /* Scene.cpp in Sources */ = {isa = PBXBuildFile; fileRef = 08B4CB2C201DE4AF00EEC0C5 /* Scene.cpp */; };
		08B4CB5E201DE4AF00EEC0C5 /* Scene.h in Headers */ = {isa = PBXBuildFile; fileRef = 08B4CB2D201DE4AF00EEC0C5 /* Scene.h */; };
		08B4CB5F201DE4AF00EEC0C5 /* Sprite.cpp in Sources */ = {isa = PBXBuildFile; fileRef = 08B4CB2E201DE4AF00EEC0C5 /* Sprite.cpp */; };
		08B4CB60201DE4AF00EEC0C5 /* Sprite.h in Headers */ = {isa = PBXBuildFile; fileRef = 08B4CB2F201DE4AF00EEC0C5 /* Sprite.h */; };
		08B4CB61201DE4AF00EEC0C5 /* Transform.cpp in Sources */ = {isa = PBXBuildFile; fileRef = 08B4CB30201DE4AF00EEC0C5 /* Transform.cpp */; };
		08B4CB62201DE4AF00EEC0C5 /* Transform.h in Headers */ = {isa = PBXBuildFile; fileRef = 08B4CB31201DE4AF00EEC0C5 /* Transform.h */; };
		08B4CB63201DE4AF00EEC0C5 /* DraftScene.h in Headers */ = {isa = PBXBuildFile; fileRef = 08B4CB33201DE4AF00EEC0C5 /* DraftScene.h */; };
		08B4CB64201DE4AF00EEC0C5 /* DraftScene.mm in Sources */ = {isa = PBXBuildFile; fileRef = 08B4CB34201DE4AF00EEC0C5 /* DraftScene.mm */; };
		08B4CB65201DE4AF00EEC0C5 /* DraftSprite.h in Headers */ = {isa = PBXBuildFile; fileRef = 08B4CB35201DE4AF00EEC0C5 /* DraftSprite.h */; };
		08B4CB66201DE4AF00EEC0C5 /* DraftSprite.mm in Sources */ = {isa = PBXBuildFile; fileRef = 08B4CB36201DE4AF00EEC0C5 /* DraftSprite.mm */; };
		08B4CB6B201DE4AF00EEC0C5 /* AnimateOpacity.cpp in Sources */ = {isa = PBXBuildFile; fileRef = 08B4CB3C201DE4AF00EEC0C5 /* AnimateOpacity.cpp */; };
		08B4CB6C201DE4AF00EEC0C5 /* AnimateOpacity.h in Headers */ = {isa = PBXBuildFile; fileRef = 08B4CB3D201DE4AF00EEC0C5 /* AnimateOpacity.h */; };
		08B4CB6D201DE4AF00EEC0C5 /* AnimatePosition.cpp in Sources */ = {isa = PBXBuildFile; fileRef = 08B4CB3E201DE4AF00EEC0C5 /* AnimatePosition.cpp */; };
		08B4CB6E201DE4AF00EEC0C5 /* AnimatePosition.h in Headers */ = {isa = PBXBuildFile; fileRef = 08B4CB3F201DE4AF00EEC0C5 /* AnimatePosition.h */; };
		08B4CB6F201DE4AF00EEC0C5 /* BufferContext.cpp in Sources */ = {isa = PBXBuildFile; fileRef = 08B4CB40201DE4AF00EEC0C5 /* BufferContext.cpp */; };
		08B4CB70201DE4AF00EEC0C5 /* BufferContext.h in Headers */ = {isa = PBXBuildFile; fileRef = 08B4CB41201DE4AF00EEC0C5 /* BufferContext.h */; };
		08B4CB71201DE4AF00EEC0C5 /* ImageSprite.cpp in Sources */ = {isa = PBXBuildFile; fileRef = 08B4CB42201DE4AF00EEC0C5 /* ImageSprite.cpp */; };
		08B4CB72201DE4AF00EEC0C5 /* ImageSprite.h in Headers */ = {isa = PBXBuildFile; fileRef = 08B4CB43201DE4AF00EEC0C5 /* ImageSprite.h */; };
		08B4CB73201DE4AF00EEC0C5 /* Animator.cpp in Sources */ = {isa = PBXBuildFile; fileRef = 08B4CB44201DE4AF00EEC0C5 /* Animator.cpp */; };
		08B4CB74201DE4AF00EEC0C5 /* Animator.h in Headers */ = {isa = PBXBuildFile; fileRef = 08B4CB45201DE4AF00EEC0C5 /* Animator.h */; };
		08B4CB75201DE4AF00EEC0C5 /* BlankContext.cpp in Sources */ = {isa = PBXBuildFile; fileRef = 08B4CB46201DE4AF00EEC0C5 /* BlankContext.cpp */; };
		08B4CB76201DE4AF00EEC0C5 /* BlankContext.h in Headers */ = {isa = PBXBuildFile; fileRef = 08B4CB47201DE4AF00EEC0C5 /* BlankContext.h */; };
		08B4CB77201DE4AF00EEC0C5 /* A3DView.h in Headers */ = {isa = PBXBuildFile; fileRef = 08B4CB49201DE4AF00EEC0C5 /* A3DView.h */; };
		08B4CB79201DE4AF00EEC0C5 /* log.cpp in Sources */ = {isa = PBXBuildFile; fileRef = 08B4CB4C201DE4AF00EEC0C5 /* log.cpp */; };
		08B4CB7A201DE4AF00EEC0C5 /* log.h in Headers */ = {isa = PBXBuildFile; fileRef = 08B4CB4D201DE4AF00EEC0C5 /* log.h */; };
		08B4CB7B201DE4AF00EEC0C5 /* util.cpp in Sources */ = {isa = PBXBuildFile; fileRef = 08B4CB4E201DE4AF00EEC0C5 /* util.cpp */; };
		08B4CB7C201DE4AF00EEC0C5 /* util.h in Headers */ = {isa = PBXBuildFile; fileRef = 08B4CB4F201DE4AF00EEC0C5 /* util.h */; };
		08B4CB7E201DE6B100EEC0C5 /* A3DView.mm in Sources */ = {isa = PBXBuildFile; fileRef = 08B4CB4A201DE4AF00EEC0C5 /* A3DView.mm */; };
		08B4CB94201DE8B000EEC0C5 /* AppDelegate.m in Sources */ = {isa = PBXBuildFile; fileRef = 08B4CB93201DE8B000EEC0C5 /* AppDelegate.m */; };
		08B4CB96201DE8B000EEC0C5 /* main.m in Sources */ = {isa = PBXBuildFile; fileRef = 08B4CB95201DE8B000EEC0C5 /* main.m */; };
		08B4CB98201DE8B000EEC0C5 /* Images.xcassets in Resources */ = {isa = PBXBuildFile; fileRef = 08B4CB97201DE8B000EEC0C5 /* Images.xcassets */; };
		08B4CB9B201DE8B100EEC0C5 /* MainMenu.xib in Resources */ = {isa = PBXBuildFile; fileRef = 08B4CB99201DE8B000EEC0C5 /* MainMenu.xib */; };
		08B4CBB7201DE93E00EEC0C5 /* MyOpenGLView.mm in Sources */ = {isa = PBXBuildFile; fileRef = 08B4CBAF201DE93D00EEC0C5 /* MyOpenGLView.mm */; };
		08B4CBB8201DE93E00EEC0C5 /* MySprite.mm in Sources */ = {isa = PBXBuildFile; fileRef = 08B4CBB1201DE93E00EEC0C5 /* MySprite.mm */; };
		08B4CBBA201DE93E00EEC0C5 /* Test.entitlements in Resources */ = {isa = PBXBuildFile; fileRef = 08B4CBB3201DE93E00EEC0C5 /* Test.entitlements */; };
		08B4CBBF201DEA3200EEC0C5 /* Axis.h in CopyFiles */ = {isa = PBXBuildFile; fileRef = 08B4CB05201DE49900EEC0C5 /* Axis.h */; };
		08B4CBC0201DEA6500EEC0C5 /* Color.h in CopyFiles */ = {isa = PBXBuildFile; fileRef = 08B4CB07201DE49900EEC0C5 /* Color.h */; };
		08B4CBC1201DEA6500EEC0C5 /* Matrix4.h in CopyFiles */ = {isa = PBXBuildFile; fileRef = 08B4CB09201DE49900EEC0C5 /* Matrix4.h */; };
		08B4CBC2201DEA6500EEC0C5 /* Point3.h in CopyFiles */ = {isa = PBXBuildFile; fileRef = 08B4CB0B201DE49900EEC0C5 /* Point3.h */; };
		08B4CBC3201DEA6500EEC0C5 /* Frame.h in CopyFiles */ = {isa = PBXBuildFile; fileRef = 08B4CB0D201DE49900EEC0C5 /* Frame.h */; };
		08B4CBC4201DEA6500EEC0C5 /* Vector3.h in CopyFiles */ = {isa = PBXBuildFile; fileRef = 08B4CB0F201DE49900EEC0C5 /* Vector3.h */; };
		08B4CBC5201DEA6500EEC0C5 /* Animate.h in CopyFiles */ = {isa = PBXBuildFile; fileRef = 08B4CB20201DE4AF00EEC0C5 /* Animate.h */; };
		08B4CBC6201DEA6500EEC0C5 /* AnimationTypes.h in CopyFiles */ = {isa = PBXBuildFile; fileRef = 08B4CB21201DE4AF00EEC0C5 /* AnimationTypes.h */; };
		08B4CBC7201DEA6500EEC0C5 /* Camera.h in CopyFiles */ = {isa = PBXBuildFile; fileRef = 08B4CB23201DE4AF00EEC0C5 /* Camera.h */; };
		08B4CBC8201DEA6500EEC0C5 /* Context.h in CopyFiles */ = {isa = PBXBuildFile; fileRef = 08B4CB25201DE4AF00EEC0C5 /* Context.h */; };
		08B4CBC9201DEA6500EEC0C5 /* Node.h in CopyFiles */ = {isa = PBXBuildFile; fileRef = 08B4CB27201DE4AF00EEC0C5 /* Node.h */; };
		08B4CBCA201DEA6500EEC0C5 /* Object.h in CopyFiles */ = {isa = PBXBuildFile; fileRef = 08B4CB29201DE4AF00EEC0C5 /* Object.h */; };
		08B4CBCB201DEA6500EEC0C5 /* Renderer.h in CopyFiles */ = {isa = PBXBuildFile; fileRef = 08B4CB2B201DE4AF00EEC0C5 /* Renderer.h */; };
		08B4CBCC201DEA6500EEC0C5 /* Scene.h in CopyFiles */ = {isa = PBXBuildFile; fileRef = 08B4CB2D201DE4AF00EEC0C5 /* Scene.h */; };
		08B4CBCD201DEA6500EEC0C5 /* Sprite.h in CopyFiles */ = {isa = PBXBuildFile; fileRef = 08B4CB2F201DE4AF00EEC0C5 /* Sprite.h */; };
		08B4CBCE201DEA6500EEC0C5 /* Transform.h in CopyFiles */ = {isa = PBXBuildFile; fileRef = 08B4CB31201DE4AF00EEC0C5 /* Transform.h */; };
		08B4CBCF201DEA6500EEC0C5 /* A3DView.h in CopyFiles */ = {isa = PBXBuildFile; fileRef = 08B4CB49201DE4AF00EEC0C5 /* A3DView.h */; };
		08B4CBD2201DEC3B00EEC0C5 /* a3d.h in CopyFiles */ = {isa = PBXBuildFile; fileRef = 08B4CAEC201DE3E300EEC0C5 /* a3d.h */; };
		08B4CBD3201DEC6100EEC0C5 /* liba3d.a in Frameworks */ = {isa = PBXBuildFile; fileRef = 08B4CAE9201DE3E300EEC0C5 /* liba3d.a */; };
		08B4CBDB201DEDB700EEC0C5 /* TestController.m in Sources */ = {isa = PBXBuildFile; fileRef = 08B4CBD9201DEDB700EEC0C5 /* TestController.m */; };
		08B4CBDC201DEDB700EEC0C5 /* TestController.xib in Resources */ = {isa = PBXBuildFile; fileRef = 08B4CBDA201DEDB700EEC0C5 /* TestController.xib */; };
		08B4CBE0201DF38D00EEC0C5 /* Clock.cpp in Sources */ = {isa = PBXBuildFile; fileRef = 08B4CBDE201DF38D00EEC0C5 /* Clock.cpp */; };
		08B4CBE1201DF38D00EEC0C5 /* Clock.h in Headers */ = {isa = PBXBuildFile; fileRef = 08B4CBDF201DF38D00EEC0C5 /* Clock.h */; };
		08B4CBE2201DFA5300EEC0C5 /* Clock.h in CopyFiles */ = {isa = PBXBuildFile; fileRef = 08B4CBDF201DF38D00EEC0C5 /* Clock.h */; };
		08FAAE242042583E00D831E6 /* A3DLayer.h in Headers */ = {isa = PBXBuildFile; fileRef = 08FAAE222042583E00D831E6 /* A3DLayer.h */; };
		08FAAE252042583E00D831E6 /* A3DLayer.m in Sources */ = {isa = PBXBuildFile; fileRef = 08FAAE232042583E00D831E6 /* A3DLayer.m */; };
		08FAAE2C2042A18300D831E6 /* A3DView2.h in Headers */ = {isa = PBXBuildFile; fileRef = 08FAAE2A2042A18300D831E6 /* A3DView2.h */; };
		08FAAE2D2042A18300D831E6 /* A3DView2.mm in Sources */ = {isa = PBXBuildFile; fileRef = 08FAAE2B2042A18300D831E6 /* A3DView2.mm */; };
		31018B2A220F077700C19DB7 /* AnimationWindow.mm in Sources */ = {isa = PBXBuildFile; fileRef = 31018B28220F077700C19DB7 /* AnimationWindow.mm */; };
		31018B2B220F077700C19DB7 /* AnimationWindow.xib in Resources */ = {isa = PBXBuildFile; fileRef = 31018B29220F077700C19DB7 /* AnimationWindow.xib */; };
		31018B2E220FDE0200C19DB7 /* GLContext.cpp in Sources */ = {isa = PBXBuildFile; fileRef = 31018B2C220FDE0200C19DB7 /* GLContext.cpp */; };
		31018B2F220FDE0200C19DB7 /* GLContext.h in Headers */ = {isa = PBXBuildFile; fileRef = 31018B2D220FDE0200C19DB7 /* GLContext.h */; };
		31018B32220FDE5500C19DB7 /* GLDrawable.cpp in Sources */ = {isa = PBXBuildFile; fileRef = 31018B30220FDE5500C19DB7 /* GLDrawable.cpp */; };
		31018B33220FDE5500C19DB7 /* GLDrawable.h in Headers */ = {isa = PBXBuildFile; fileRef = 31018B31220FDE5500C19DB7 /* GLDrawable.h */; };
		31018B5922110C8C00C19DB7 /* GLContext.h in CopyFiles */ = {isa = PBXBuildFile; fileRef = 31018B2D220FDE0200C19DB7 /* GLContext.h */; };
		31018B5A22110C8C00C19DB7 /* GLDrawable.h in CopyFiles */ = {isa = PBXBuildFile; fileRef = 31018B31220FDE5500C19DB7 /* GLDrawable.h */; };
		3124E7B12025F50D00CF156F /* Texture.h in CopyFiles */ = {isa = PBXBuildFile; fileRef = 31543EF62025E691002AC387 /* Texture.h */; };
		3124E7B22025F53800CF156F /* Bitmap.h in CopyFiles */ = {isa = PBXBuildFile; fileRef = 31543EED2025BE4B002AC387 /* Bitmap.h */; };
		312CD37C2024A6C1008FE758 /* AnimationTypes.cpp in Sources */ = {isa = PBXBuildFile; fileRef = 312CD37B2024A6C1008FE758 /* AnimationTypes.cpp */; };
		312CD37F20257852008FE758 /* TextSpirte.cpp in Sources */ = {isa = PBXBuildFile; fileRef = 312CD37D20257852008FE758 /* TextSpirte.cpp */; };
		312CD38020257852008FE758 /* TextSpirte.h in Headers */ = {isa = PBXBuildFile; fileRef = 312CD37E20257852008FE758 /* TextSpirte.h */; };
		312CD38120259386008FE758 /* liba3d.a in Frameworks */ = {isa = PBXBuildFile; fileRef = 08B4CAE9201DE3E300EEC0C5 /* liba3d.a */; };
		312CD38320259462008FE758 /* CoreGraphics.framework in Frameworks */ = {isa = PBXBuildFile; fileRef = 312CD38220259462008FE758 /* CoreGraphics.framework */; };
		312CD3852025946D008FE758 /* CoreText.framework in Frameworks */ = {isa = PBXBuildFile; fileRef = 312CD3842025946D008FE758 /* CoreText.framework */; };
		312CD387202594AA008FE758 /* GLKit.framework in Frameworks */ = {isa = PBXBuildFile; fileRef = 312CD386202594AA008FE758 /* GLKit.framework */; };
		312CD388202594BD008FE758 /* CoreGraphics.framework in Frameworks */ = {isa = PBXBuildFile; fileRef = 312CD38220259462008FE758 /* CoreGraphics.framework */; };
		312CD389202594C2008FE758 /* CoreText.framework in Frameworks */ = {isa = PBXBuildFile; fileRef = 312CD3842025946D008FE758 /* CoreText.framework */; };
		312CD38B2025974A008FE758 /* AppKit.framework in Frameworks */ = {isa = PBXBuildFile; fileRef = 312CD38A20259749008FE758 /* AppKit.framework */; };
		314A2010201EBDC50093D902 /* alex.png in Resources */ = {isa = PBXBuildFile; fileRef = 314A200F201EBDC50093D902 /* alex.png */; };
		31543EEE2025BE4B002AC387 /* Bitmap.cpp in Sources */ = {isa = PBXBuildFile; fileRef = 31543EEC2025BE4B002AC387 /* Bitmap.cpp */; };
		31543EEF2025BE4B002AC387 /* Bitmap.h in Headers */ = {isa = PBXBuildFile; fileRef = 31543EED2025BE4B002AC387 /* Bitmap.h */; };
		31543EF22025C649002AC387 /* Text.cpp in Sources */ = {isa = PBXBuildFile; fileRef = 31543EF02025C649002AC387 /* Text.cpp */; };
		31543EF32025C649002AC387 /* Text.h in Headers */ = {isa = PBXBuildFile; fileRef = 31543EF12025C649002AC387 /* Text.h */; };
		31543EF72025E691002AC387 /* Texture.cpp in Sources */ = {isa = PBXBuildFile; fileRef = 31543EF52025E691002AC387 /* Texture.cpp */; };
		31543EF82025E691002AC387 /* Texture.h in Headers */ = {isa = PBXBuildFile; fileRef = 31543EF62025E691002AC387 /* Texture.h */; };
		315964A92026E62700FB0679 /* Cocoa.framework in Frameworks */ = {isa = PBXBuildFile; fileRef = 315964A82026E62700FB0679 /* Cocoa.framework */; };
		315964AB2026E65300FB0679 /* QuartzCore.framework in Frameworks */ = {isa = PBXBuildFile; fileRef = 315964AA2026E65300FB0679 /* QuartzCore.framework */; };
		315964AD2026E6FA00FB0679 /* libxml2.tbd in Frameworks */ = {isa = PBXBuildFile; fileRef = 315964A62026AC9500FB0679 /* libxml2.tbd */; };
		3169B74B203D361400D70259 /* ImageSprite.h in CopyFiles */ = {isa = PBXBuildFile; fileRef = 08B4CB43201DE4AF00EEC0C5 /* ImageSprite.h */; };
		319A809D202C581C00DF1175 /* SpriteNode.cpp in Sources */ = {isa = PBXBuildFile; fileRef = 319A809B202C581C00DF1175 /* SpriteNode.cpp */; };
		319A809E202C581C00DF1175 /* SpriteNode.h in Headers */ = {isa = PBXBuildFile; fileRef = 319A809C202C581C00DF1175 /* SpriteNode.h */; };
		319A809F202C59B200DF1175 /* SpriteNode.h in CopyFiles */ = {isa = PBXBuildFile; fileRef = 319A809C202C581C00DF1175 /* SpriteNode.h */; };
		319A80A0202C61E500DF1175 /* Text.h in CopyFiles */ = {isa = PBXBuildFile; fileRef = 31543EF12025C649002AC387 /* Text.h */; };
		31C6788A202471D7000BF908 /* AnimateRotation.cpp in Sources */ = {isa = PBXBuildFile; fileRef = 31C67888202471D7000BF908 /* AnimateRotation.cpp */; };
		31C6788B202471D7000BF908 /* AnimateRotation.h in Headers */ = {isa = PBXBuildFile; fileRef = 31C67889202471D7000BF908 /* AnimateRotation.h */; };
		31C6789320247C90000BF908 /* main.mm in Sources */ = {isa = PBXBuildFile; fileRef = 31C6789220247C90000BF908 /* main.mm */; };
/* End PBXBuildFile section */

/* Begin PBXCopyFilesBuildPhase section */
		08B4CBBD201DEA1500EEC0C5 /* CopyFiles */ = {
			isa = PBXCopyFilesBuildPhase;
			buildActionMask = 2147483647;
			dstPath = a3d;
			dstSubfolderSpec = 7;
			files = (
				31018B5922110C8C00C19DB7 /* GLContext.h in CopyFiles */,
				31018B5A22110C8C00C19DB7 /* GLDrawable.h in CopyFiles */,
				3169B74B203D361400D70259 /* ImageSprite.h in CopyFiles */,
				083EF8772034684C009960EC /* Animator.h in CopyFiles */,
				084619C7202F427200741AF2 /* Quaternion.h in CopyFiles */,
				319A80A0202C61E500DF1175 /* Text.h in CopyFiles */,
				319A809F202C59B200DF1175 /* SpriteNode.h in CopyFiles */,
				3124E7B22025F53800CF156F /* Bitmap.h in CopyFiles */,
				3124E7B12025F50D00CF156F /* Texture.h in CopyFiles */,
				08B4CBE2201DFA5300EEC0C5 /* Clock.h in CopyFiles */,
				08B4CBD2201DEC3B00EEC0C5 /* a3d.h in CopyFiles */,
				08B4CBC0201DEA6500EEC0C5 /* Color.h in CopyFiles */,
				08B4CBC1201DEA6500EEC0C5 /* Matrix4.h in CopyFiles */,
				08B4CBC2201DEA6500EEC0C5 /* Point3.h in CopyFiles */,
				08B4CBC3201DEA6500EEC0C5 /* Frame.h in CopyFiles */,
				08B4CBC4201DEA6500EEC0C5 /* Vector3.h in CopyFiles */,
				08B4CBC5201DEA6500EEC0C5 /* Animate.h in CopyFiles */,
				08B4CBC6201DEA6500EEC0C5 /* AnimationTypes.h in CopyFiles */,
				08B4CBC7201DEA6500EEC0C5 /* Camera.h in CopyFiles */,
				08B4CBC8201DEA6500EEC0C5 /* Context.h in CopyFiles */,
				08B4CBC9201DEA6500EEC0C5 /* Node.h in CopyFiles */,
				08B4CBCA201DEA6500EEC0C5 /* Object.h in CopyFiles */,
				08B4CBCB201DEA6500EEC0C5 /* Renderer.h in CopyFiles */,
				08B4CBCC201DEA6500EEC0C5 /* Scene.h in CopyFiles */,
				08B4CBCD201DEA6500EEC0C5 /* Sprite.h in CopyFiles */,
				08B4CBCE201DEA6500EEC0C5 /* Transform.h in CopyFiles */,
				08B4CBCF201DEA6500EEC0C5 /* A3DView.h in CopyFiles */,
				08B4CBBF201DEA3200EEC0C5 /* Axis.h in CopyFiles */,
			);
			runOnlyForDeploymentPostprocessing = 0;
		};
		31C6788E20247C90000BF908 /* CopyFiles */ = {
			isa = PBXCopyFilesBuildPhase;
			buildActionMask = 2147483647;
			dstPath = /usr/share/man/man1/;
			dstSubfolderSpec = 0;
			files = (
			);
			runOnlyForDeploymentPostprocessing = 1;
		};
/* End PBXCopyFilesBuildPhase section */

/* Begin PBXFileReference section */
		083EF86F20306E60009960EC /* AnimateSize.cpp */ = {isa = PBXFileReference; fileEncoding = 4; lastKnownFileType = sourcecode.cpp.cpp; path = AnimateSize.cpp; sourceTree = "<group>"; };
		083EF87020306E60009960EC /* AnimateSize.h */ = {isa = PBXFileReference; fileEncoding = 4; lastKnownFileType = sourcecode.c.h; path = AnimateSize.h; sourceTree = "<group>"; };
		083EF873203073DF009960EC /* AnimateScale.cpp */ = {isa = PBXFileReference; fileEncoding = 4; lastKnownFileType = sourcecode.cpp.cpp; path = AnimateScale.cpp; sourceTree = "<group>"; };
		083EF874203073DF009960EC /* AnimateScale.h */ = {isa = PBXFileReference; fileEncoding = 4; lastKnownFileType = sourcecode.c.h; path = AnimateScale.h; sourceTree = "<group>"; };
		084619C2202F2D4100741AF2 /* Quaternion.cpp */ = {isa = PBXFileReference; fileEncoding = 4; lastKnownFileType = sourcecode.cpp.cpp; path = Quaternion.cpp; sourceTree = "<group>"; };
		084619C3202F2D4100741AF2 /* Quaternion.h */ = {isa = PBXFileReference; fileEncoding = 4; lastKnownFileType = sourcecode.c.h; path = Quaternion.h; sourceTree = "<group>"; };
		08B4CAE9201DE3E300EEC0C5 /* liba3d.a */ = {isa = PBXFileReference; explicitFileType = archive.ar; includeInIndex = 0; path = liba3d.a; sourceTree = BUILT_PRODUCTS_DIR; };
		08B4CAEC201DE3E300EEC0C5 /* a3d.h */ = {isa = PBXFileReference; lastKnownFileType = sourcecode.c.h; path = a3d.h; sourceTree = "<group>"; };
		08B4CB04201DE49900EEC0C5 /* Axis.cpp */ = {isa = PBXFileReference; fileEncoding = 4; lastKnownFileType = sourcecode.cpp.cpp; path = Axis.cpp; sourceTree = "<group>"; };
		08B4CB05201DE49900EEC0C5 /* Axis.h */ = {isa = PBXFileReference; fileEncoding = 4; lastKnownFileType = sourcecode.c.h; path = Axis.h; sourceTree = "<group>"; };
		08B4CB06201DE49900EEC0C5 /* Color.cpp */ = {isa = PBXFileReference; fileEncoding = 4; lastKnownFileType = sourcecode.cpp.cpp; path = Color.cpp; sourceTree = "<group>"; };
		08B4CB07201DE49900EEC0C5 /* Color.h */ = {isa = PBXFileReference; fileEncoding = 4; lastKnownFileType = sourcecode.c.h; path = Color.h; sourceTree = "<group>"; };
		08B4CB08201DE49900EEC0C5 /* Matrix4.cpp */ = {isa = PBXFileReference; fileEncoding = 4; lastKnownFileType = sourcecode.cpp.cpp; path = Matrix4.cpp; sourceTree = "<group>"; };
		08B4CB09201DE49900EEC0C5 /* Matrix4.h */ = {isa = PBXFileReference; fileEncoding = 4; lastKnownFileType = sourcecode.c.h; path = Matrix4.h; sourceTree = "<group>"; };
		08B4CB0A201DE49900EEC0C5 /* Point3.cpp */ = {isa = PBXFileReference; fileEncoding = 4; lastKnownFileType = sourcecode.cpp.cpp; path = Point3.cpp; sourceTree = "<group>"; };
		08B4CB0B201DE49900EEC0C5 /* Point3.h */ = {isa = PBXFileReference; fileEncoding = 4; lastKnownFileType = sourcecode.c.h; path = Point3.h; sourceTree = "<group>"; };
		08B4CB0C201DE49900EEC0C5 /* Frame.cpp */ = {isa = PBXFileReference; fileEncoding = 4; lastKnownFileType = sourcecode.cpp.cpp; path = Frame.cpp; sourceTree = "<group>"; };
		08B4CB0D201DE49900EEC0C5 /* Frame.h */ = {isa = PBXFileReference; fileEncoding = 4; lastKnownFileType = sourcecode.c.h; path = Frame.h; sourceTree = "<group>"; };
		08B4CB0E201DE49900EEC0C5 /* Vector3.cpp */ = {isa = PBXFileReference; fileEncoding = 4; lastKnownFileType = sourcecode.cpp.cpp; path = Vector3.cpp; sourceTree = "<group>"; };
		08B4CB0F201DE49900EEC0C5 /* Vector3.h */ = {isa = PBXFileReference; fileEncoding = 4; lastKnownFileType = sourcecode.c.h; path = Vector3.h; sourceTree = "<group>"; };
		08B4CB10201DE49900EEC0C5 /* PrefixHeader.pch */ = {isa = PBXFileReference; fileEncoding = 4; lastKnownFileType = sourcecode.c.h; path = PrefixHeader.pch; sourceTree = "<group>"; };
		08B4CB1F201DE4AF00EEC0C5 /* Animate.cpp */ = {isa = PBXFileReference; fileEncoding = 4; lastKnownFileType = sourcecode.cpp.cpp; path = Animate.cpp; sourceTree = "<group>"; };
		08B4CB20201DE4AF00EEC0C5 /* Animate.h */ = {isa = PBXFileReference; fileEncoding = 4; lastKnownFileType = sourcecode.c.h; path = Animate.h; sourceTree = "<group>"; };
		08B4CB21201DE4AF00EEC0C5 /* AnimationTypes.h */ = {isa = PBXFileReference; fileEncoding = 4; lastKnownFileType = sourcecode.c.h; path = AnimationTypes.h; sourceTree = "<group>"; };
		08B4CB22201DE4AF00EEC0C5 /* Camera.cpp */ = {isa = PBXFileReference; fileEncoding = 4; lastKnownFileType = sourcecode.cpp.cpp; path = Camera.cpp; sourceTree = "<group>"; };
		08B4CB23201DE4AF00EEC0C5 /* Camera.h */ = {isa = PBXFileReference; fileEncoding = 4; lastKnownFileType = sourcecode.c.h; path = Camera.h; sourceTree = "<group>"; };
		08B4CB24201DE4AF00EEC0C5 /* Context.cpp */ = {isa = PBXFileReference; fileEncoding = 4; lastKnownFileType = sourcecode.cpp.cpp; path = Context.cpp; sourceTree = "<group>"; };
		08B4CB25201DE4AF00EEC0C5 /* Context.h */ = {isa = PBXFileReference; fileEncoding = 4; lastKnownFileType = sourcecode.c.h; path = Context.h; sourceTree = "<group>"; };
		08B4CB26201DE4AF00EEC0C5 /* Node.cpp */ = {isa = PBXFileReference; fileEncoding = 4; lastKnownFileType = sourcecode.cpp.cpp; path = Node.cpp; sourceTree = "<group>"; };
		08B4CB27201DE4AF00EEC0C5 /* Node.h */ = {isa = PBXFileReference; fileEncoding = 4; lastKnownFileType = sourcecode.c.h; path = Node.h; sourceTree = "<group>"; };
		08B4CB28201DE4AF00EEC0C5 /* Object.cpp */ = {isa = PBXFileReference; fileEncoding = 4; lastKnownFileType = sourcecode.cpp.cpp; path = Object.cpp; sourceTree = "<group>"; };
		08B4CB29201DE4AF00EEC0C5 /* Object.h */ = {isa = PBXFileReference; fileEncoding = 4; lastKnownFileType = sourcecode.c.h; path = Object.h; sourceTree = "<group>"; };
		08B4CB2A201DE4AF00EEC0C5 /* Renderer.cpp */ = {isa = PBXFileReference; fileEncoding = 4; lastKnownFileType = sourcecode.cpp.cpp; path = Renderer.cpp; sourceTree = "<group>"; };
		08B4CB2B201DE4AF00EEC0C5 /* Renderer.h */ = {isa = PBXFileReference; fileEncoding = 4; lastKnownFileType = sourcecode.c.h; path = Renderer.h; sourceTree = "<group>"; };
		08B4CB2C201DE4AF00EEC0C5 /* Scene.cpp */ = {isa = PBXFileReference; fileEncoding = 4; lastKnownFileType = sourcecode.cpp.cpp; path = Scene.cpp; sourceTree = "<group>"; };
		08B4CB2D201DE4AF00EEC0C5 /* Scene.h */ = {isa = PBXFileReference; fileEncoding = 4; lastKnownFileType = sourcecode.c.h; path = Scene.h; sourceTree = "<group>"; };
		08B4CB2E201DE4AF00EEC0C5 /* Sprite.cpp */ = {isa = PBXFileReference; fileEncoding = 4; lastKnownFileType = sourcecode.cpp.cpp; path = Sprite.cpp; sourceTree = "<group>"; };
		08B4CB2F201DE4AF00EEC0C5 /* Sprite.h */ = {isa = PBXFileReference; fileEncoding = 4; lastKnownFileType = sourcecode.c.h; path = Sprite.h; sourceTree = "<group>"; };
		08B4CB30201DE4AF00EEC0C5 /* Transform.cpp */ = {isa = PBXFileReference; fileEncoding = 4; lastKnownFileType = sourcecode.cpp.cpp; path = Transform.cpp; sourceTree = "<group>"; };
		08B4CB31201DE4AF00EEC0C5 /* Transform.h */ = {isa = PBXFileReference; fileEncoding = 4; lastKnownFileType = sourcecode.c.h; path = Transform.h; sourceTree = "<group>"; };
		08B4CB33201DE4AF00EEC0C5 /* DraftScene.h */ = {isa = PBXFileReference; fileEncoding = 4; lastKnownFileType = sourcecode.c.h; path = DraftScene.h; sourceTree = "<group>"; };
		08B4CB34201DE4AF00EEC0C5 /* DraftScene.mm */ = {isa = PBXFileReference; fileEncoding = 4; lastKnownFileType = sourcecode.cpp.objcpp; path = DraftScene.mm; sourceTree = "<group>"; };
		08B4CB35201DE4AF00EEC0C5 /* DraftSprite.h */ = {isa = PBXFileReference; fileEncoding = 4; lastKnownFileType = sourcecode.c.h; path = DraftSprite.h; sourceTree = "<group>"; };
		08B4CB36201DE4AF00EEC0C5 /* DraftSprite.mm */ = {isa = PBXFileReference; fileEncoding = 4; lastKnownFileType = sourcecode.cpp.objcpp; path = DraftSprite.mm; sourceTree = "<group>"; };
		08B4CB3C201DE4AF00EEC0C5 /* AnimateOpacity.cpp */ = {isa = PBXFileReference; fileEncoding = 4; lastKnownFileType = sourcecode.cpp.cpp; path = AnimateOpacity.cpp; sourceTree = "<group>"; };
		08B4CB3D201DE4AF00EEC0C5 /* AnimateOpacity.h */ = {isa = PBXFileReference; fileEncoding = 4; lastKnownFileType = sourcecode.c.h; path = AnimateOpacity.h; sourceTree = "<group>"; };
		08B4CB3E201DE4AF00EEC0C5 /* AnimatePosition.cpp */ = {isa = PBXFileReference; fileEncoding = 4; lastKnownFileType = sourcecode.cpp.cpp; path = AnimatePosition.cpp; sourceTree = "<group>"; };
		08B4CB3F201DE4AF00EEC0C5 /* AnimatePosition.h */ = {isa = PBXFileReference; fileEncoding = 4; lastKnownFileType = sourcecode.c.h; path = AnimatePosition.h; sourceTree = "<group>"; };
		08B4CB40201DE4AF00EEC0C5 /* BufferContext.cpp */ = {isa = PBXFileReference; fileEncoding = 4; lastKnownFileType = sourcecode.cpp.cpp; path = BufferContext.cpp; sourceTree = "<group>"; };
		08B4CB41201DE4AF00EEC0C5 /* BufferContext.h */ = {isa = PBXFileReference; fileEncoding = 4; lastKnownFileType = sourcecode.c.h; path = BufferContext.h; sourceTree = "<group>"; };
		08B4CB42201DE4AF00EEC0C5 /* ImageSprite.cpp */ = {isa = PBXFileReference; fileEncoding = 4; lastKnownFileType = sourcecode.cpp.cpp; path = ImageSprite.cpp; sourceTree = "<group>"; };
		08B4CB43201DE4AF00EEC0C5 /* ImageSprite.h */ = {isa = PBXFileReference; fileEncoding = 4; lastKnownFileType = sourcecode.c.h; path = ImageSprite.h; sourceTree = "<group>"; };
		08B4CB44201DE4AF00EEC0C5 /* Animator.cpp */ = {isa = PBXFileReference; fileEncoding = 4; lastKnownFileType = sourcecode.cpp.cpp; name = Animator.cpp; path = ../animation/Animator.cpp; sourceTree = "<group>"; };
		08B4CB45201DE4AF00EEC0C5 /* Animator.h */ = {isa = PBXFileReference; fileEncoding = 4; lastKnownFileType = sourcecode.c.h; name = Animator.h; path = ../animation/Animator.h; sourceTree = "<group>"; };
		08B4CB46201DE4AF00EEC0C5 /* BlankContext.cpp */ = {isa = PBXFileReference; fileEncoding = 4; lastKnownFileType = sourcecode.cpp.cpp; path = BlankContext.cpp; sourceTree = "<group>"; };
		08B4CB47201DE4AF00EEC0C5 /* BlankContext.h */ = {isa = PBXFileReference; fileEncoding = 4; lastKnownFileType = sourcecode.c.h; path = BlankContext.h; sourceTree = "<group>"; };
		08B4CB49201DE4AF00EEC0C5 /* A3DView.h */ = {isa = PBXFileReference; fileEncoding = 4; lastKnownFileType = sourcecode.c.h; path = A3DView.h; sourceTree = "<group>"; };
		08B4CB4A201DE4AF00EEC0C5 /* A3DView.mm */ = {isa = PBXFileReference; fileEncoding = 4; lastKnownFileType = sourcecode.cpp.objcpp; path = A3DView.mm; sourceTree = "<group>"; };
		08B4CB4C201DE4AF00EEC0C5 /* log.cpp */ = {isa = PBXFileReference; fileEncoding = 4; lastKnownFileType = sourcecode.cpp.cpp; path = log.cpp; sourceTree = "<group>"; };
		08B4CB4D201DE4AF00EEC0C5 /* log.h */ = {isa = PBXFileReference; fileEncoding = 4; lastKnownFileType = sourcecode.c.h; path = log.h; sourceTree = "<group>"; };
		08B4CB4E201DE4AF00EEC0C5 /* util.cpp */ = {isa = PBXFileReference; fileEncoding = 4; lastKnownFileType = sourcecode.cpp.cpp; path = util.cpp; sourceTree = "<group>"; };
		08B4CB4F201DE4AF00EEC0C5 /* util.h */ = {isa = PBXFileReference; fileEncoding = 4; lastKnownFileType = sourcecode.c.h; path = util.h; sourceTree = "<group>"; };
		08B4CB8E201DE8B000EEC0C5 /* Test.app */ = {isa = PBXFileReference; explicitFileType = wrapper.application; includeInIndex = 0; path = Test.app; sourceTree = BUILT_PRODUCTS_DIR; };
		08B4CB91201DE8B000EEC0C5 /* Info.plist */ = {isa = PBXFileReference; lastKnownFileType = text.plist.xml; path = Info.plist; sourceTree = "<group>"; };
		08B4CB92201DE8B000EEC0C5 /* AppDelegate.h */ = {isa = PBXFileReference; lastKnownFileType = sourcecode.c.h; path = AppDelegate.h; sourceTree = "<group>"; };
		08B4CB93201DE8B000EEC0C5 /* AppDelegate.m */ = {isa = PBXFileReference; lastKnownFileType = sourcecode.c.objc; path = AppDelegate.m; sourceTree = "<group>"; };
		08B4CB95201DE8B000EEC0C5 /* main.m */ = {isa = PBXFileReference; lastKnownFileType = sourcecode.c.objc; path = main.m; sourceTree = "<group>"; };
		08B4CB97201DE8B000EEC0C5 /* Images.xcassets */ = {isa = PBXFileReference; lastKnownFileType = folder.assetcatalog; path = Images.xcassets; sourceTree = "<group>"; };
		08B4CB9A201DE8B100EEC0C5 /* Base */ = {isa = PBXFileReference; lastKnownFileType = file.xib; name = Base; path = Base.lproj/MainMenu.xib; sourceTree = "<group>"; };
		08B4CBAE201DE93D00EEC0C5 /* MyOpenGLView.h */ = {isa = PBXFileReference; fileEncoding = 4; lastKnownFileType = sourcecode.c.h; path = MyOpenGLView.h; sourceTree = "<group>"; };
		08B4CBAF201DE93D00EEC0C5 /* MyOpenGLView.mm */ = {isa = PBXFileReference; fileEncoding = 4; lastKnownFileType = sourcecode.cpp.objcpp; path = MyOpenGLView.mm; sourceTree = "<group>"; };
		08B4CBB0201DE93D00EEC0C5 /* MySprite.h */ = {isa = PBXFileReference; fileEncoding = 4; lastKnownFileType = sourcecode.c.h; path = MySprite.h; sourceTree = "<group>"; };
		08B4CBB1201DE93E00EEC0C5 /* MySprite.mm */ = {isa = PBXFileReference; fileEncoding = 4; lastKnownFileType = sourcecode.cpp.objcpp; path = MySprite.mm; sourceTree = "<group>"; };
		08B4CBB2201DE93E00EEC0C5 /* test.c */ = {isa = PBXFileReference; fileEncoding = 4; lastKnownFileType = sourcecode.c.c; path = test.c; sourceTree = "<group>"; };
		08B4CBB3201DE93E00EEC0C5 /* Test.entitlements */ = {isa = PBXFileReference; fileEncoding = 4; lastKnownFileType = text.xml; path = Test.entitlements; sourceTree = "<group>"; };
		08B4CBD4201DEC7800EEC0C5 /* GLKit.framework */ = {isa = PBXFileReference; lastKnownFileType = wrapper.framework; name = GLKit.framework; path = Platforms/MacOSX.platform/Developer/SDKs/MacOSX10.10.sdk/System/Library/Frameworks/GLKit.framework; sourceTree = DEVELOPER_DIR; };
		08B4CBD8201DEDB700EEC0C5 /* TestController.h */ = {isa = PBXFileReference; fileEncoding = 4; lastKnownFileType = sourcecode.c.h; path = TestController.h; sourceTree = "<group>"; };
		08B4CBD9201DEDB700EEC0C5 /* TestController.m */ = {isa = PBXFileReference; fileEncoding = 4; lastKnownFileType = sourcecode.c.objc; path = TestController.m; sourceTree = "<group>"; };
		08B4CBDA201DEDB700EEC0C5 /* TestController.xib */ = {isa = PBXFileReference; fileEncoding = 4; lastKnownFileType = file.xib; path = TestController.xib; sourceTree = "<group>"; };
		08B4CBDE201DF38D00EEC0C5 /* Clock.cpp */ = {isa = PBXFileReference; fileEncoding = 4; lastKnownFileType = sourcecode.cpp.cpp; path = Clock.cpp; sourceTree = "<group>"; };
		08B4CBDF201DF38D00EEC0C5 /* Clock.h */ = {isa = PBXFileReference; fileEncoding = 4; lastKnownFileType = sourcecode.c.h; path = Clock.h; sourceTree = "<group>"; };
		08FAAE222042583E00D831E6 /* A3DLayer.h */ = {isa = PBXFileReference; fileEncoding = 4; lastKnownFileType = sourcecode.c.h; path = A3DLayer.h; sourceTree = "<group>"; };
		08FAAE232042583E00D831E6 /* A3DLayer.m */ = {isa = PBXFileReference; fileEncoding = 4; lastKnownFileType = sourcecode.c.objc; path = A3DLayer.m; sourceTree = "<group>"; };
		08FAAE2A2042A18300D831E6 /* A3DView2.h */ = {isa = PBXFileReference; fileEncoding = 4; lastKnownFileType = sourcecode.c.h; path = A3DView2.h; sourceTree = "<group>"; };
		08FAAE2B2042A18300D831E6 /* A3DView2.mm */ = {isa = PBXFileReference; fileEncoding = 4; lastKnownFileType = sourcecode.cpp.objcpp; path = A3DView2.mm; sourceTree = "<group>"; };
		31018B27220F077700C19DB7 /* AnimationWindow.h */ = {isa = PBXFileReference; lastKnownFileType = sourcecode.c.h; path = AnimationWindow.h; sourceTree = "<group>"; };
		31018B28220F077700C19DB7 /* AnimationWindow.mm */ = {isa = PBXFileReference; lastKnownFileType = sourcecode.cpp.objcpp; path = AnimationWindow.mm; sourceTree = "<group>"; };
		31018B29220F077700C19DB7 /* AnimationWindow.xib */ = {isa = PBXFileReference; lastKnownFileType = file.xib; path = AnimationWindow.xib; sourceTree = "<group>"; };
		31018B2C220FDE0200C19DB7 /* GLContext.cpp */ = {isa = PBXFileReference; lastKnownFileType = sourcecode.cpp.cpp; path = GLContext.cpp; sourceTree = "<group>"; };
		31018B2D220FDE0200C19DB7 /* GLContext.h */ = {isa = PBXFileReference; lastKnownFileType = sourcecode.c.h; path = GLContext.h; sourceTree = "<group>"; };
		31018B30220FDE5500C19DB7 /* GLDrawable.cpp */ = {isa = PBXFileReference; lastKnownFileType = sourcecode.cpp.cpp; path = GLDrawable.cpp; sourceTree = "<group>"; };
		31018B31220FDE5500C19DB7 /* GLDrawable.h */ = {isa = PBXFileReference; lastKnownFileType = sourcecode.c.h; path = GLDrawable.h; sourceTree = "<group>"; };
		312CD37B2024A6C1008FE758 /* AnimationTypes.cpp */ = {isa = PBXFileReference; lastKnownFileType = sourcecode.cpp.cpp; path = AnimationTypes.cpp; sourceTree = "<group>"; };
		312CD37D20257852008FE758 /* TextSpirte.cpp */ = {isa = PBXFileReference; lastKnownFileType = sourcecode.cpp.cpp; path = TextSpirte.cpp; sourceTree = "<group>"; };
		312CD37E20257852008FE758 /* TextSpirte.h */ = {isa = PBXFileReference; lastKnownFileType = sourcecode.c.h; path = TextSpirte.h; sourceTree = "<group>"; };
		312CD38220259462008FE758 /* CoreGraphics.framework */ = {isa = PBXFileReference; lastKnownFileType = wrapper.framework; name = CoreGraphics.framework; path = System/Library/Frameworks/CoreGraphics.framework; sourceTree = SDKROOT; };
		312CD3842025946D008FE758 /* CoreText.framework */ = {isa = PBXFileReference; lastKnownFileType = wrapper.framework; name = CoreText.framework; path = System/Library/Frameworks/CoreText.framework; sourceTree = SDKROOT; };
		312CD386202594AA008FE758 /* GLKit.framework */ = {isa = PBXFileReference; lastKnownFileType = wrapper.framework; name = GLKit.framework; path = System/Library/Frameworks/GLKit.framework; sourceTree = SDKROOT; };
		312CD38A20259749008FE758 /* AppKit.framework */ = {isa = PBXFileReference; lastKnownFileType = wrapper.framework; name = AppKit.framework; path = System/Library/Frameworks/AppKit.framework; sourceTree = SDKROOT; };
		314A200F201EBDC50093D902 /* alex.png */ = {isa = PBXFileReference; lastKnownFileType = image.png; path = alex.png; sourceTree = "<group>"; };
		31543EEC2025BE4B002AC387 /* Bitmap.cpp */ = {isa = PBXFileReference; lastKnownFileType = sourcecode.cpp.cpp; path = Bitmap.cpp; sourceTree = "<group>"; };
		31543EED2025BE4B002AC387 /* Bitmap.h */ = {isa = PBXFileReference; lastKnownFileType = sourcecode.c.h; path = Bitmap.h; sourceTree = "<group>"; };
		31543EF02025C649002AC387 /* Text.cpp */ = {isa = PBXFileReference; lastKnownFileType = sourcecode.cpp.cpp; path = Text.cpp; sourceTree = "<group>"; };
		31543EF12025C649002AC387 /* Text.h */ = {isa = PBXFileReference; lastKnownFileType = sourcecode.c.h; path = Text.h; sourceTree = "<group>"; };
		31543EF52025E691002AC387 /* Texture.cpp */ = {isa = PBXFileReference; lastKnownFileType = sourcecode.cpp.cpp; path = Texture.cpp; sourceTree = "<group>"; };
		31543EF62025E691002AC387 /* Texture.h */ = {isa = PBXFileReference; lastKnownFileType = sourcecode.c.h; path = Texture.h; sourceTree = "<group>"; };
		315964A42026AC8A00FB0679 /* libcocoaui-mac.a */ = {isa = PBXFileReference; lastKnownFileType = archive.ar; name = "libcocoaui-mac.a"; path = "../cocoaui-mac/build/Debug/libcocoaui-mac.a"; sourceTree = "<group>"; };
		315964A62026AC9500FB0679 /* libxml2.tbd */ = {isa = PBXFileReference; lastKnownFileType = "sourcecode.text-based-dylib-definition"; name = libxml2.tbd; path = usr/lib/libxml2.tbd; sourceTree = SDKROOT; };
		315964A82026E62700FB0679 /* Cocoa.framework */ = {isa = PBXFileReference; lastKnownFileType = wrapper.framework; name = Cocoa.framework; path = System/Library/Frameworks/Cocoa.framework; sourceTree = SDKROOT; };
		315964AA2026E65300FB0679 /* QuartzCore.framework */ = {isa = PBXFileReference; lastKnownFileType = wrapper.framework; name = QuartzCore.framework; path = System/Library/Frameworks/QuartzCore.framework; sourceTree = SDKROOT; };
		319A809B202C581C00DF1175 /* SpriteNode.cpp */ = {isa = PBXFileReference; lastKnownFileType = sourcecode.cpp.cpp; path = SpriteNode.cpp; sourceTree = "<group>"; };
		319A809C202C581C00DF1175 /* SpriteNode.h */ = {isa = PBXFileReference; lastKnownFileType = sourcecode.c.h; path = SpriteNode.h; sourceTree = "<group>"; };
		31C67888202471D7000BF908 /* AnimateRotation.cpp */ = {isa = PBXFileReference; lastKnownFileType = sourcecode.cpp.cpp; path = AnimateRotation.cpp; sourceTree = "<group>"; };
		31C67889202471D7000BF908 /* AnimateRotation.h */ = {isa = PBXFileReference; lastKnownFileType = sourcecode.c.h; path = AnimateRotation.h; sourceTree = "<group>"; };
		31C6789020247C90000BF908 /* Cli */ = {isa = PBXFileReference; explicitFileType = "compiled.mach-o.executable"; includeInIndex = 0; path = Cli; sourceTree = BUILT_PRODUCTS_DIR; };
		31C6789220247C90000BF908 /* main.mm */ = {isa = PBXFileReference; lastKnownFileType = sourcecode.cpp.objcpp; path = main.mm; sourceTree = "<group>"; };
/* End PBXFileReference section */

/* Begin PBXFrameworksBuildPhase section */
		08B4CAE6201DE3E300EEC0C5 /* Frameworks */ = {
			isa = PBXFrameworksBuildPhase;
			buildActionMask = 2147483647;
			files = (
			);
			runOnlyForDeploymentPostprocessing = 0;
		};
		08B4CB8B201DE8B000EEC0C5 /* Frameworks */ = {
			isa = PBXFrameworksBuildPhase;
			buildActionMask = 2147483647;
			files = (
				312CD389202594C2008FE758 /* CoreText.framework in Frameworks */,
				312CD388202594BD008FE758 /* CoreGraphics.framework in Frameworks */,
				312CD387202594AA008FE758 /* GLKit.framework in Frameworks */,
				08B4CBD3201DEC6100EEC0C5 /* liba3d.a in Frameworks */,
			);
			runOnlyForDeploymentPostprocessing = 0;
		};
		31C6788D20247C90000BF908 /* Frameworks */ = {
			isa = PBXFrameworksBuildPhase;
			buildActionMask = 2147483647;
			files = (
				084619C6202F2EC500741AF2 /* GLKit.framework in Frameworks */,
				315964AD2026E6FA00FB0679 /* libxml2.tbd in Frameworks */,
				315964AB2026E65300FB0679 /* QuartzCore.framework in Frameworks */,
				315964A92026E62700FB0679 /* Cocoa.framework in Frameworks */,
				312CD38B2025974A008FE758 /* AppKit.framework in Frameworks */,
				312CD3852025946D008FE758 /* CoreText.framework in Frameworks */,
				312CD38320259462008FE758 /* CoreGraphics.framework in Frameworks */,
				312CD38120259386008FE758 /* liba3d.a in Frameworks */,
			);
			runOnlyForDeploymentPostprocessing = 0;
		};
/* End PBXFrameworksBuildPhase section */

/* Begin PBXGroup section */
		08B4CAE0201DE3E300EEC0C5 = {
			isa = PBXGroup;
			children = (
				08B4CAEB201DE3E300EEC0C5 /* a3d */,
				08B4CB8F201DE8B000EEC0C5 /* Test */,
				31C6789120247C90000BF908 /* Cli */,
				08B4CAEA201DE3E300EEC0C5 /* Products */,
				08B4CBDD201DEE6D00EEC0C5 /* Frameworks */,
			);
			sourceTree = "<group>";
		};
		08B4CAEA201DE3E300EEC0C5 /* Products */ = {
			isa = PBXGroup;
			children = (
				08B4CAE9201DE3E300EEC0C5 /* liba3d.a */,
				08B4CB8E201DE8B000EEC0C5 /* Test.app */,
				31C6789020247C90000BF908 /* Cli */,
			);
			name = Products;
			sourceTree = "<group>";
		};
		08B4CAEB201DE3E300EEC0C5 /* a3d */ = {
			isa = PBXGroup;
			children = (
				08B4CB4B201DE4AF00EEC0C5 /* util */,
				08B4CB03201DE49900EEC0C5 /* base */,
				08B4CB1E201DE4AF00EEC0C5 /* core */,
				08B4CB3B201DE4AF00EEC0C5 /* impl */,
				319A80A5202C691B00DF1175 /* animation */,
				31543EF42025E670002AC387 /* gl */,
				08B4CB48201DE4AF00EEC0C5 /* ui */,
				08B4CB32201DE4AF00EEC0C5 /* draft */,
				08B4CAEC201DE3E300EEC0C5 /* a3d.h */,
				08B4CB10201DE49900EEC0C5 /* PrefixHeader.pch */,
			);
			path = a3d;
			sourceTree = "<group>";
		};
		08B4CB03201DE49900EEC0C5 /* base */ = {
			isa = PBXGroup;
			children = (
				08B4CB05201DE49900EEC0C5 /* Axis.h */,
				08B4CB04201DE49900EEC0C5 /* Axis.cpp */,
				08B4CB07201DE49900EEC0C5 /* Color.h */,
				08B4CB06201DE49900EEC0C5 /* Color.cpp */,
				08B4CB09201DE49900EEC0C5 /* Matrix4.h */,
				08B4CB08201DE49900EEC0C5 /* Matrix4.cpp */,
				08B4CB0B201DE49900EEC0C5 /* Point3.h */,
				08B4CB0A201DE49900EEC0C5 /* Point3.cpp */,
				08B4CB0D201DE49900EEC0C5 /* Frame.h */,
				08B4CB0C201DE49900EEC0C5 /* Frame.cpp */,
				08B4CB0F201DE49900EEC0C5 /* Vector3.h */,
				08B4CB0E201DE49900EEC0C5 /* Vector3.cpp */,
				084619C3202F2D4100741AF2 /* Quaternion.h */,
				084619C2202F2D4100741AF2 /* Quaternion.cpp */,
				08B4CBDF201DF38D00EEC0C5 /* Clock.h */,
				08B4CBDE201DF38D00EEC0C5 /* Clock.cpp */,
			);
			path = base;
			sourceTree = "<group>";
		};
		08B4CB1E201DE4AF00EEC0C5 /* core */ = {
			isa = PBXGroup;
			children = (
				08B4CB29201DE4AF00EEC0C5 /* Object.h */,
				08B4CB28201DE4AF00EEC0C5 /* Object.cpp */,
				08B4CB31201DE4AF00EEC0C5 /* Transform.h */,
				08B4CB30201DE4AF00EEC0C5 /* Transform.cpp */,
				08B4CB27201DE4AF00EEC0C5 /* Node.h */,
				08B4CB26201DE4AF00EEC0C5 /* Node.cpp */,
				08B4CB45201DE4AF00EEC0C5 /* Animator.h */,
				08B4CB44201DE4AF00EEC0C5 /* Animator.cpp */,
				08B4CB20201DE4AF00EEC0C5 /* Animate.h */,
				08B4CB1F201DE4AF00EEC0C5 /* Animate.cpp */,
				08B4CB23201DE4AF00EEC0C5 /* Camera.h */,
				08B4CB22201DE4AF00EEC0C5 /* Camera.cpp */,
				08B4CB2D201DE4AF00EEC0C5 /* Scene.h */,
				08B4CB2C201DE4AF00EEC0C5 /* Scene.cpp */,
				08B4CB2F201DE4AF00EEC0C5 /* Sprite.h */,
				08B4CB2E201DE4AF00EEC0C5 /* Sprite.cpp */,
			);
			path = core;
			sourceTree = "<group>";
		};
		08B4CB32201DE4AF00EEC0C5 /* draft */ = {
			isa = PBXGroup;
			children = (
				08B4CB33201DE4AF00EEC0C5 /* DraftScene.h */,
				08B4CB34201DE4AF00EEC0C5 /* DraftScene.mm */,
				08B4CB35201DE4AF00EEC0C5 /* DraftSprite.h */,
				08B4CB36201DE4AF00EEC0C5 /* DraftSprite.mm */,
			);
			path = draft;
			sourceTree = "<group>";
		};
		08B4CB3B201DE4AF00EEC0C5 /* impl */ = {
			isa = PBXGroup;
			children = (
				319A809C202C581C00DF1175 /* SpriteNode.h */,
				319A809B202C581C00DF1175 /* SpriteNode.cpp */,
				08B4CB43201DE4AF00EEC0C5 /* ImageSprite.h */,
				08B4CB42201DE4AF00EEC0C5 /* ImageSprite.cpp */,
				312CD37E20257852008FE758 /* TextSpirte.h */,
				312CD37D20257852008FE758 /* TextSpirte.cpp */,
			);
			path = impl;
			sourceTree = "<group>";
		};
		08B4CB48201DE4AF00EEC0C5 /* ui */ = {
			isa = PBXGroup;
			children = (
				08B4CB49201DE4AF00EEC0C5 /* A3DView.h */,
				08B4CB4A201DE4AF00EEC0C5 /* A3DView.mm */,
				08FAAE222042583E00D831E6 /* A3DLayer.h */,
				08FAAE232042583E00D831E6 /* A3DLayer.m */,
				08FAAE2A2042A18300D831E6 /* A3DView2.h */,
				08FAAE2B2042A18300D831E6 /* A3DView2.mm */,
			);
			path = ui;
			sourceTree = "<group>";
		};
		08B4CB4B201DE4AF00EEC0C5 /* util */ = {
			isa = PBXGroup;
			children = (
				08B4CB4D201DE4AF00EEC0C5 /* log.h */,
				08B4CB4C201DE4AF00EEC0C5 /* log.cpp */,
				08B4CB4F201DE4AF00EEC0C5 /* util.h */,
				08B4CB4E201DE4AF00EEC0C5 /* util.cpp */,
				31543EF12025C649002AC387 /* Text.h */,
				31543EF02025C649002AC387 /* Text.cpp */,
				31543EED2025BE4B002AC387 /* Bitmap.h */,
				31543EEC2025BE4B002AC387 /* Bitmap.cpp */,
			);
			path = util;
			sourceTree = "<group>";
		};
		08B4CB8F201DE8B000EEC0C5 /* Test */ = {
			isa = PBXGroup;
			children = (
				08B4CB92201DE8B000EEC0C5 /* AppDelegate.h */,
				08B4CB93201DE8B000EEC0C5 /* AppDelegate.m */,
				31018B27220F077700C19DB7 /* AnimationWindow.h */,
				31018B28220F077700C19DB7 /* AnimationWindow.mm */,
				31018B29220F077700C19DB7 /* AnimationWindow.xib */,
				08B4CBAE201DE93D00EEC0C5 /* MyOpenGLView.h */,
				08B4CBAF201DE93D00EEC0C5 /* MyOpenGLView.mm */,
				08B4CBB0201DE93D00EEC0C5 /* MySprite.h */,
				08B4CBB1201DE93E00EEC0C5 /* MySprite.mm */,
				08B4CBB2201DE93E00EEC0C5 /* test.c */,
				08B4CBD8201DEDB700EEC0C5 /* TestController.h */,
				08B4CBD9201DEDB700EEC0C5 /* TestController.m */,
				08B4CBDA201DEDB700EEC0C5 /* TestController.xib */,
				08B4CB90201DE8B000EEC0C5 /* Supporting Files */,
			);
			path = Test;
			sourceTree = "<group>";
		};
		08B4CB90201DE8B000EEC0C5 /* Supporting Files */ = {
			isa = PBXGroup;
			children = (
				314A200F201EBDC50093D902 /* alex.png */,
				08B4CB97201DE8B000EEC0C5 /* Images.xcassets */,
				08B4CB99201DE8B000EEC0C5 /* MainMenu.xib */,
				08B4CB91201DE8B000EEC0C5 /* Info.plist */,
				08B4CBB3201DE93E00EEC0C5 /* Test.entitlements */,
				08B4CB95201DE8B000EEC0C5 /* main.m */,
			);
			name = "Supporting Files";
			sourceTree = "<group>";
		};
		08B4CBDD201DEE6D00EEC0C5 /* Frameworks */ = {
			isa = PBXGroup;
			children = (
				315964AA2026E65300FB0679 /* QuartzCore.framework */,
				315964A82026E62700FB0679 /* Cocoa.framework */,
				315964A62026AC9500FB0679 /* libxml2.tbd */,
				315964A42026AC8A00FB0679 /* libcocoaui-mac.a */,
				312CD38A20259749008FE758 /* AppKit.framework */,
				312CD386202594AA008FE758 /* GLKit.framework */,
				312CD3842025946D008FE758 /* CoreText.framework */,
				312CD38220259462008FE758 /* CoreGraphics.framework */,
				08B4CBD4201DEC7800EEC0C5 /* GLKit.framework */,
			);
			name = Frameworks;
			sourceTree = "<group>";
		};
		31543EF42025E670002AC387 /* gl */ = {
			isa = PBXGroup;
			children = (
				31543EF62025E691002AC387 /* Texture.h */,
				31543EF52025E691002AC387 /* Texture.cpp */,
				08B4CB2B201DE4AF00EEC0C5 /* Renderer.h */,
				08B4CB2A201DE4AF00EEC0C5 /* Renderer.cpp */,
				08B4CB25201DE4AF00EEC0C5 /* Context.h */,
				08B4CB24201DE4AF00EEC0C5 /* Context.cpp */,
				08B4CB47201DE4AF00EEC0C5 /* BlankContext.h */,
				08B4CB46201DE4AF00EEC0C5 /* BlankContext.cpp */,
				08B4CB41201DE4AF00EEC0C5 /* BufferContext.h */,
				08B4CB40201DE4AF00EEC0C5 /* BufferContext.cpp */,
				31018B2D220FDE0200C19DB7 /* GLContext.h */,
				31018B2C220FDE0200C19DB7 /* GLContext.cpp */,
				31018B31220FDE5500C19DB7 /* GLDrawable.h */,
				31018B30220FDE5500C19DB7 /* GLDrawable.cpp */,
			);
			path = gl;
			sourceTree = "<group>";
		};
		319A80A5202C691B00DF1175 /* animation */ = {
			isa = PBXGroup;
			children = (
				08B4CB21201DE4AF00EEC0C5 /* AnimationTypes.h */,
				312CD37B2024A6C1008FE758 /* AnimationTypes.cpp */,
				08B4CB3D201DE4AF00EEC0C5 /* AnimateOpacity.h */,
				08B4CB3C201DE4AF00EEC0C5 /* AnimateOpacity.cpp */,
				08B4CB3F201DE4AF00EEC0C5 /* AnimatePosition.h */,
				08B4CB3E201DE4AF00EEC0C5 /* AnimatePosition.cpp */,
				083EF87020306E60009960EC /* AnimateSize.h */,
				083EF86F20306E60009960EC /* AnimateSize.cpp */,
				31C67889202471D7000BF908 /* AnimateRotation.h */,
				31C67888202471D7000BF908 /* AnimateRotation.cpp */,
				083EF874203073DF009960EC /* AnimateScale.h */,
				083EF873203073DF009960EC /* AnimateScale.cpp */,
			);
			path = animation;
			sourceTree = "<group>";
		};
		31C6789120247C90000BF908 /* Cli */ = {
			isa = PBXGroup;
			children = (
				31C6789220247C90000BF908 /* main.mm */,
			);
			path = Cli;
			sourceTree = "<group>";
		};
/* End PBXGroup section */

/* Begin PBXHeadersBuildPhase section */
		08B4CAE7201DE3E300EEC0C5 /* Headers */ = {
			isa = PBXHeadersBuildPhase;
			buildActionMask = 2147483647;
			files = (
				08B4CB58201DE4AF00EEC0C5 /* Node.h in Headers */,
				08B4CB51201DE4AF00EEC0C5 /* Animate.h in Headers */,
				08B4CB1D201DE49900EEC0C5 /* PrefixHeader.pch in Headers */,
				08B4CB6E201DE4AF00EEC0C5 /* AnimatePosition.h in Headers */,
				08B4CB1C201DE49900EEC0C5 /* Vector3.h in Headers */,
				084619C5202F2D4100741AF2 /* Quaternion.h in Headers */,
				31543EF82025E691002AC387 /* Texture.h in Headers */,
				08B4CB18201DE49900EEC0C5 /* Point3.h in Headers */,
				08B4CB56201DE4AF00EEC0C5 /* Context.h in Headers */,
				08B4CB16201DE49900EEC0C5 /* Matrix4.h in Headers */,
				08B4CB70201DE4AF00EEC0C5 /* BufferContext.h in Headers */,
				08B4CBE1201DF38D00EEC0C5 /* Clock.h in Headers */,
				08B4CB72201DE4AF00EEC0C5 /* ImageSprite.h in Headers */,
				08FAAE242042583E00D831E6 /* A3DLayer.h in Headers */,
				319A809E202C581C00DF1175 /* SpriteNode.h in Headers */,
				08B4CB52201DE4AF00EEC0C5 /* AnimationTypes.h in Headers */,
				08B4CB60201DE4AF00EEC0C5 /* Sprite.h in Headers */,
				312CD38020257852008FE758 /* TextSpirte.h in Headers */,
				08B4CB7C201DE4AF00EEC0C5 /* util.h in Headers */,
				08B4CB1A201DE49900EEC0C5 /* Frame.h in Headers */,
				08B4CB5A201DE4AF00EEC0C5 /* Object.h in Headers */,
				08B4CB14201DE49900EEC0C5 /* Color.h in Headers */,
				08B4CB5E201DE4AF00EEC0C5 /* Scene.h in Headers */,
				08B4CB77201DE4AF00EEC0C5 /* A3DView.h in Headers */,
				08B4CB54201DE4AF00EEC0C5 /* Camera.h in Headers */,
				08B4CAED201DE3E300EEC0C5 /* a3d.h in Headers */,
				08B4CB62201DE4AF00EEC0C5 /* Transform.h in Headers */,
				08FAAE2C2042A18300D831E6 /* A3DView2.h in Headers */,
				08B4CB74201DE4AF00EEC0C5 /* Animator.h in Headers */,
				31018B2F220FDE0200C19DB7 /* GLContext.h in Headers */,
				31C6788B202471D7000BF908 /* AnimateRotation.h in Headers */,
				08B4CB5C201DE4AF00EEC0C5 /* Renderer.h in Headers */,
				083EF876203073DF009960EC /* AnimateScale.h in Headers */,
				31543EEF2025BE4B002AC387 /* Bitmap.h in Headers */,
				08B4CB12201DE49900EEC0C5 /* Axis.h in Headers */,
				08B4CB6C201DE4AF00EEC0C5 /* AnimateOpacity.h in Headers */,
				08B4CB76201DE4AF00EEC0C5 /* BlankContext.h in Headers */,
				08B4CB7A201DE4AF00EEC0C5 /* log.h in Headers */,
				08B4CB63201DE4AF00EEC0C5 /* DraftScene.h in Headers */,
				083EF87220306E60009960EC /* AnimateSize.h in Headers */,
				08B4CB65201DE4AF00EEC0C5 /* DraftSprite.h in Headers */,
				31018B33220FDE5500C19DB7 /* GLDrawable.h in Headers */,
				31543EF32025C649002AC387 /* Text.h in Headers */,
			);
			runOnlyForDeploymentPostprocessing = 0;
		};
/* End PBXHeadersBuildPhase section */

/* Begin PBXNativeTarget section */
		08B4CAE8201DE3E300EEC0C5 /* a3d */ = {
			isa = PBXNativeTarget;
			buildConfigurationList = 08B4CAFD201DE3E300EEC0C5 /* Build configuration list for PBXNativeTarget "a3d" */;
			buildPhases = (
				08B4CAE5201DE3E300EEC0C5 /* Sources */,
				08B4CAE6201DE3E300EEC0C5 /* Frameworks */,
				08B4CAE7201DE3E300EEC0C5 /* Headers */,
				08B4CBBD201DEA1500EEC0C5 /* CopyFiles */,
			);
			buildRules = (
			);
			dependencies = (
			);
			name = a3d;
			productName = a3d;
			productReference = 08B4CAE9201DE3E300EEC0C5 /* liba3d.a */;
			productType = "com.apple.product-type.library.static";
		};
		08B4CB8D201DE8B000EEC0C5 /* Test */ = {
			isa = PBXNativeTarget;
			buildConfigurationList = 08B4CBA8201DE8B100EEC0C5 /* Build configuration list for PBXNativeTarget "Test" */;
			buildPhases = (
				08B4CB8A201DE8B000EEC0C5 /* Sources */,
				08B4CB8B201DE8B000EEC0C5 /* Frameworks */,
				08B4CB8C201DE8B000EEC0C5 /* Resources */,
			);
			buildRules = (
			);
			dependencies = (
			);
			name = Test;
			productName = Test;
			productReference = 08B4CB8E201DE8B000EEC0C5 /* Test.app */;
			productType = "com.apple.product-type.application";
		};
		31C6788F20247C90000BF908 /* Cli */ = {
			isa = PBXNativeTarget;
			buildConfigurationList = 31C6789420247C90000BF908 /* Build configuration list for PBXNativeTarget "Cli" */;
			buildPhases = (
				31C6788C20247C90000BF908 /* Sources */,
				31C6788D20247C90000BF908 /* Frameworks */,
				31C6788E20247C90000BF908 /* CopyFiles */,
			);
			buildRules = (
			);
			dependencies = (
			);
			name = Cli;
			productName = Cli;
			productReference = 31C6789020247C90000BF908 /* Cli */;
			productType = "com.apple.product-type.tool";
		};
/* End PBXNativeTarget section */

/* Begin PBXProject section */
		08B4CAE1201DE3E300EEC0C5 /* Project object */ = {
			isa = PBXProject;
			attributes = {
				LastUpgradeCheck = 0610;
				ORGANIZATIONNAME = ideawu;
				TargetAttributes = {
					08B4CAE8201DE3E300EEC0C5 = {
						CreatedOnToolsVersion = 6.1.1;
					};
					08B4CB8D201DE8B000EEC0C5 = {
						CreatedOnToolsVersion = 6.1.1;
					};
					31C6788F20247C90000BF908 = {
						CreatedOnToolsVersion = 9.2;
						ProvisioningStyle = Automatic;
					};
				};
			};
			buildConfigurationList = 08B4CAE4201DE3E300EEC0C5 /* Build configuration list for PBXProject "a3d" */;
			compatibilityVersion = "Xcode 3.2";
			developmentRegion = English;
			hasScannedForEncodings = 0;
			knownRegions = (
				en,
				Base,
			);
			mainGroup = 08B4CAE0201DE3E300EEC0C5;
			productRefGroup = 08B4CAEA201DE3E300EEC0C5 /* Products */;
			projectDirPath = "";
			projectRoot = "";
			targets = (
				08B4CAE8201DE3E300EEC0C5 /* a3d */,
				08B4CB8D201DE8B000EEC0C5 /* Test */,
				31C6788F20247C90000BF908 /* Cli */,
			);
		};
/* End PBXProject section */

/* Begin PBXResourcesBuildPhase section */
		08B4CB8C201DE8B000EEC0C5 /* Resources */ = {
			isa = PBXResourcesBuildPhase;
			buildActionMask = 2147483647;
			files = (
				08B4CB98201DE8B000EEC0C5 /* Images.xcassets in Resources */,
				314A2010201EBDC50093D902 /* alex.png in Resources */,
				31018B2B220F077700C19DB7 /* AnimationWindow.xib in Resources */,
				08B4CBBA201DE93E00EEC0C5 /* Test.entitlements in Resources */,
				08B4CB9B201DE8B100EEC0C5 /* MainMenu.xib in Resources */,
				08B4CBDC201DEDB700EEC0C5 /* TestController.xib in Resources */,
			);
			runOnlyForDeploymentPostprocessing = 0;
		};
/* End PBXResourcesBuildPhase section */

/* Begin PBXSourcesBuildPhase section */
		08B4CAE5201DE3E300EEC0C5 /* Sources */ = {
			isa = PBXSourcesBuildPhase;
			buildActionMask = 2147483647;
			files = (
				083EF87120306E60009960EC /* AnimateSize.cpp in Sources */,
				083EF875203073DF009960EC /* AnimateScale.cpp in Sources */,
				08B4CB79201DE4AF00EEC0C5 /* log.cpp in Sources */,
				08B4CB7E201DE6B100EEC0C5 /* A3DView.mm in Sources */,
				08B4CB61201DE4AF00EEC0C5 /* Transform.cpp in Sources */,
				08B4CB5B201DE4AF00EEC0C5 /* Renderer.cpp in Sources */,
				08B4CB5D201DE4AF00EEC0C5 /* Scene.cpp in Sources */,
				08B4CB17201DE49900EEC0C5 /* Point3.cpp in Sources */,
				08B4CB64201DE4AF00EEC0C5 /* DraftScene.mm in Sources */,
				31543EF72025E691002AC387 /* Texture.cpp in Sources */,
				08FAAE2D2042A18300D831E6 /* A3DView2.mm in Sources */,
				08B4CB15201DE49900EEC0C5 /* Matrix4.cpp in Sources */,
				08B4CB75201DE4AF00EEC0C5 /* BlankContext.cpp in Sources */,
				08B4CB6B201DE4AF00EEC0C5 /* AnimateOpacity.cpp in Sources */,
				08B4CB59201DE4AF00EEC0C5 /* Object.cpp in Sources */,
				08B4CB11201DE49900EEC0C5 /* Axis.cpp in Sources */,
				319A809D202C581C00DF1175 /* SpriteNode.cpp in Sources */,
				08B4CB55201DE4AF00EEC0C5 /* Context.cpp in Sources */,
				08B4CB73201DE4AF00EEC0C5 /* Animator.cpp in Sources */,
				31543EF22025C649002AC387 /* Text.cpp in Sources */,
				08B4CB50201DE4AF00EEC0C5 /* Animate.cpp in Sources */,
				08B4CB53201DE4AF00EEC0C5 /* Camera.cpp in Sources */,
				31018B2E220FDE0200C19DB7 /* GLContext.cpp in Sources */,
				312CD37F20257852008FE758 /* TextSpirte.cpp in Sources */,
				08FAAE252042583E00D831E6 /* A3DLayer.m in Sources */,
				08B4CBE0201DF38D00EEC0C5 /* Clock.cpp in Sources */,
				08B4CB13201DE49900EEC0C5 /* Color.cpp in Sources */,
				08B4CB1B201DE49900EEC0C5 /* Vector3.cpp in Sources */,
				31C6788A202471D7000BF908 /* AnimateRotation.cpp in Sources */,
				08B4CB6F201DE4AF00EEC0C5 /* BufferContext.cpp in Sources */,
				312CD37C2024A6C1008FE758 /* AnimationTypes.cpp in Sources */,
				31543EEE2025BE4B002AC387 /* Bitmap.cpp in Sources */,
				08B4CB19201DE49900EEC0C5 /* Frame.cpp in Sources */,
				08B4CB5F201DE4AF00EEC0C5 /* Sprite.cpp in Sources */,
				08B4CB57201DE4AF00EEC0C5 /* Node.cpp in Sources */,
				08B4CB7B201DE4AF00EEC0C5 /* util.cpp in Sources */,
				08B4CB66201DE4AF00EEC0C5 /* DraftSprite.mm in Sources */,
				08B4CB6D201DE4AF00EEC0C5 /* AnimatePosition.cpp in Sources */,
				31018B32220FDE5500C19DB7 /* GLDrawable.cpp in Sources */,
				084619C4202F2D4100741AF2 /* Quaternion.cpp in Sources */,
				08B4CB71201DE4AF00EEC0C5 /* ImageSprite.cpp in Sources */,
			);
			runOnlyForDeploymentPostprocessing = 0;
		};
		08B4CB8A201DE8B000EEC0C5 /* Sources */ = {
			isa = PBXSourcesBuildPhase;
			buildActionMask = 2147483647;
			files = (
				31018B2A220F077700C19DB7 /* AnimationWindow.mm in Sources */,
				08B4CBB8201DE93E00EEC0C5 /* MySprite.mm in Sources */,
				08B4CBB7201DE93E00EEC0C5 /* MyOpenGLView.mm in Sources */,
				08B4CB96201DE8B000EEC0C5 /* main.m in Sources */,
				08B4CB94201DE8B000EEC0C5 /* AppDelegate.m in Sources */,
				08B4CBDB201DEDB700EEC0C5 /* TestController.m in Sources */,
			);
			runOnlyForDeploymentPostprocessing = 0;
		};
		31C6788C20247C90000BF908 /* Sources */ = {
			isa = PBXSourcesBuildPhase;
			buildActionMask = 2147483647;
			files = (
				31C6789320247C90000BF908 /* main.mm in Sources */,
			);
			runOnlyForDeploymentPostprocessing = 0;
		};
/* End PBXSourcesBuildPhase section */

/* Begin PBXVariantGroup section */
		08B4CB99201DE8B000EEC0C5 /* MainMenu.xib */ = {
			isa = PBXVariantGroup;
			children = (
				08B4CB9A201DE8B100EEC0C5 /* Base */,
			);
			name = MainMenu.xib;
			sourceTree = "<group>";
		};
/* End PBXVariantGroup section */

/* Begin XCBuildConfiguration section */
		08B4CAFB201DE3E300EEC0C5 /* Debug */ = {
			isa = XCBuildConfiguration;
			buildSettings = {
				ALWAYS_SEARCH_USER_PATHS = NO;
				CLANG_CXX_LANGUAGE_STANDARD = "gnu++0x";
				CLANG_CXX_LIBRARY = "libc++";
				CLANG_ENABLE_MODULES = YES;
				CLANG_ENABLE_OBJC_ARC = YES;
				CLANG_WARN_BOOL_CONVERSION = YES;
				CLANG_WARN_CONSTANT_CONVERSION = YES;
				CLANG_WARN_DIRECT_OBJC_ISA_USAGE = YES_ERROR;
				CLANG_WARN_EMPTY_BODY = YES;
				CLANG_WARN_ENUM_CONVERSION = YES;
				CLANG_WARN_INT_CONVERSION = YES;
				CLANG_WARN_OBJC_ROOT_CLASS = YES_ERROR;
				CLANG_WARN_UNREACHABLE_CODE = YES;
				CLANG_WARN__DUPLICATE_METHOD_MATCH = YES;
				COPY_PHASE_STRIP = NO;
				ENABLE_STRICT_OBJC_MSGSEND = YES;
				GCC_C_LANGUAGE_STANDARD = gnu99;
				GCC_DYNAMIC_NO_PIC = NO;
				GCC_OPTIMIZATION_LEVEL = 0;
				GCC_PREFIX_HEADER = a3d/PrefixHeader.pch;
				GCC_PREPROCESSOR_DEFINITIONS = (
					"DEBUG=1",
					"$(inherited)",
				);
				GCC_SYMBOLS_PRIVATE_EXTERN = NO;
				GCC_WARN_64_TO_32_BIT_CONVERSION = YES;
				GCC_WARN_ABOUT_RETURN_TYPE = YES_ERROR;
				GCC_WARN_UNDECLARED_SELECTOR = YES;
				GCC_WARN_UNINITIALIZED_AUTOS = YES_AGGRESSIVE;
				GCC_WARN_UNUSED_FUNCTION = YES;
				GCC_WARN_UNUSED_VARIABLE = YES;
				MACOSX_DEPLOYMENT_TARGET = 10.8;
				MTL_ENABLE_DEBUG_INFO = YES;
				ONLY_ACTIVE_ARCH = YES;
				SDKROOT = macosx;
				USER_HEADER_SEARCH_PATHS = "$(PROJECT_ROOT)";
			};
			name = Debug;
		};
		08B4CAFC201DE3E300EEC0C5 /* Release */ = {
			isa = XCBuildConfiguration;
			buildSettings = {
				ALWAYS_SEARCH_USER_PATHS = NO;
				CLANG_CXX_LANGUAGE_STANDARD = "gnu++0x";
				CLANG_CXX_LIBRARY = "libc++";
				CLANG_ENABLE_MODULES = YES;
				CLANG_ENABLE_OBJC_ARC = YES;
				CLANG_WARN_BOOL_CONVERSION = YES;
				CLANG_WARN_CONSTANT_CONVERSION = YES;
				CLANG_WARN_DIRECT_OBJC_ISA_USAGE = YES_ERROR;
				CLANG_WARN_EMPTY_BODY = YES;
				CLANG_WARN_ENUM_CONVERSION = YES;
				CLANG_WARN_INT_CONVERSION = YES;
				CLANG_WARN_OBJC_ROOT_CLASS = YES_ERROR;
				CLANG_WARN_UNREACHABLE_CODE = YES;
				CLANG_WARN__DUPLICATE_METHOD_MATCH = YES;
				COPY_PHASE_STRIP = YES;
				DEBUG_INFORMATION_FORMAT = "dwarf-with-dsym";
				ENABLE_NS_ASSERTIONS = NO;
				ENABLE_STRICT_OBJC_MSGSEND = YES;
				GCC_C_LANGUAGE_STANDARD = gnu99;
				GCC_PREFIX_HEADER = a3d/PrefixHeader.pch;
				GCC_WARN_64_TO_32_BIT_CONVERSION = YES;
				GCC_WARN_ABOUT_RETURN_TYPE = YES_ERROR;
				GCC_WARN_UNDECLARED_SELECTOR = YES;
				GCC_WARN_UNINITIALIZED_AUTOS = YES_AGGRESSIVE;
				GCC_WARN_UNUSED_FUNCTION = YES;
				GCC_WARN_UNUSED_VARIABLE = YES;
				MACOSX_DEPLOYMENT_TARGET = 10.8;
				MTL_ENABLE_DEBUG_INFO = NO;
				SDKROOT = macosx;
				USER_HEADER_SEARCH_PATHS = "$(PROJECT_ROOT)";
			};
			name = Release;
		};
		08B4CAFE201DE3E300EEC0C5 /* Debug */ = {
			isa = XCBuildConfiguration;
			buildSettings = {
				EXECUTABLE_PREFIX = lib;
				PRODUCT_NAME = "$(TARGET_NAME)";
			};
			name = Debug;
		};
		08B4CAFF201DE3E300EEC0C5 /* Release */ = {
			isa = XCBuildConfiguration;
			buildSettings = {
				EXECUTABLE_PREFIX = lib;
				PRODUCT_NAME = "$(TARGET_NAME)";
			};
			name = Release;
		};
		08B4CBA9201DE8B100EEC0C5 /* Debug */ = {
			isa = XCBuildConfiguration;
			buildSettings = {
				ASSETCATALOG_COMPILER_APPICON_NAME = AppIcon;
				CODE_SIGN_IDENTITY = "-";
				COMBINE_HIDPI_IMAGES = YES;
				GCC_PREPROCESSOR_DEFINITIONS = (
					"DEBUG=1",
					"$(inherited)",
				);
				INFOPLIST_FILE = Test/Info.plist;
				LIBRARY_SEARCH_PATHS = "";
				PRODUCT_NAME = "$(TARGET_NAME)";
				USER_HEADER_SEARCH_PATHS = "${BUILD_DIR}/${CONFIGURATION} /Users/ideawu/Works/cocoaui-mac/build/Debug";
			};
			name = Debug;
		};
		08B4CBAA201DE8B100EEC0C5 /* Release */ = {
			isa = XCBuildConfiguration;
			buildSettings = {
				ASSETCATALOG_COMPILER_APPICON_NAME = AppIcon;
				CODE_SIGN_IDENTITY = "-";
				COMBINE_HIDPI_IMAGES = YES;
				INFOPLIST_FILE = Test/Info.plist;
				LIBRARY_SEARCH_PATHS = "";
				PRODUCT_NAME = "$(TARGET_NAME)";
				USER_HEADER_SEARCH_PATHS = "${BUILD_DIR}/${CONFIGURATION} /Users/ideawu/Works/cocoaui-mac/build/Debug";
			};
			name = Release;
		};
		31C6789520247C90000BF908 /* Debug */ = {
			isa = XCBuildConfiguration;
			buildSettings = {
				CLANG_ANALYZER_NONNULL = YES;
				CLANG_ANALYZER_NUMBER_OBJECT_CONVERSION = YES_AGGRESSIVE;
				CLANG_CXX_LANGUAGE_STANDARD = "gnu++14";
				CLANG_WARN_BLOCK_CAPTURE_AUTORELEASING = YES;
				CLANG_WARN_COMMA = YES;
				CLANG_WARN_DOCUMENTATION_COMMENTS = YES;
				CLANG_WARN_INFINITE_RECURSION = YES;
				CLANG_WARN_NON_LITERAL_NULL_CONVERSION = YES;
				CLANG_WARN_OBJC_LITERAL_CONVERSION = YES;
				CLANG_WARN_RANGE_LOOP_ANALYSIS = YES;
				CLANG_WARN_STRICT_PROTOTYPES = YES;
				CLANG_WARN_SUSPICIOUS_MOVE = YES;
				CLANG_WARN_UNGUARDED_AVAILABILITY = YES_AGGRESSIVE;
				CODE_SIGN_IDENTITY = "-";
				CODE_SIGN_STYLE = Automatic;
				DEBUG_INFORMATION_FORMAT = dwarf;
				ENABLE_TESTABILITY = YES;
				GCC_C_LANGUAGE_STANDARD = gnu11;
				GCC_NO_COMMON_BLOCKS = YES;
				LIBRARY_SEARCH_PATHS = "/Users/ideawu/Works/cocoaui-mac/build/Debug";
				MACOSX_DEPLOYMENT_TARGET = 10.8;
				PRODUCT_NAME = "$(TARGET_NAME)";
				SDKROOT = macosx;
				USER_HEADER_SEARCH_PATHS = "${BUILD_DIR}/${CONFIGURATION} /Users/ideawu/Works/cocoaui-mac/build/Debug";
			};
			name = Debug;
		};
		31C6789620247C90000BF908 /* Release */ = {
			isa = XCBuildConfiguration;
			buildSettings = {
				CLANG_ANALYZER_NONNULL = YES;
				CLANG_ANALYZER_NUMBER_OBJECT_CONVERSION = YES_AGGRESSIVE;
				CLANG_CXX_LANGUAGE_STANDARD = "gnu++14";
				CLANG_WARN_BLOCK_CAPTURE_AUTORELEASING = YES;
				CLANG_WARN_COMMA = YES;
				CLANG_WARN_DOCUMENTATION_COMMENTS = YES;
				CLANG_WARN_INFINITE_RECURSION = YES;
				CLANG_WARN_NON_LITERAL_NULL_CONVERSION = YES;
				CLANG_WARN_OBJC_LITERAL_CONVERSION = YES;
				CLANG_WARN_RANGE_LOOP_ANALYSIS = YES;
				CLANG_WARN_STRICT_PROTOTYPES = YES;
				CLANG_WARN_SUSPICIOUS_MOVE = YES;
				CLANG_WARN_UNGUARDED_AVAILABILITY = YES_AGGRESSIVE;
				CODE_SIGN_IDENTITY = "-";
				CODE_SIGN_STYLE = Automatic;
				COPY_PHASE_STRIP = NO;
				GCC_C_LANGUAGE_STANDARD = gnu11;
				GCC_NO_COMMON_BLOCKS = YES;
				LIBRARY_SEARCH_PATHS = "/Users/ideawu/Works/cocoaui-mac/build/Debug";
				MACOSX_DEPLOYMENT_TARGET = 10.8;
				PRODUCT_NAME = "$(TARGET_NAME)";
				SDKROOT = macosx;
				USER_HEADER_SEARCH_PATHS = "${BUILD_DIR}/${CONFIGURATION} /Users/ideawu/Works/cocoaui-mac/build/Debug";
			};
			name = Release;
		};
/* End XCBuildConfiguration section */

/* Begin XCConfigurationList section */
		08B4CAE4201DE3E300EEC0C5 /* Build configuration list for PBXProject "a3d" */ = {
			isa = XCConfigurationList;
			buildConfigurations = (
				08B4CAFB201DE3E300EEC0C5 /* Debug */,
				08B4CAFC201DE3E300EEC0C5 /* Release */,
			);
			defaultConfigurationIsVisible = 0;
			defaultConfigurationName = Release;
		};
		08B4CAFD201DE3E300EEC0C5 /* Build configuration list for PBXNativeTarget "a3d" */ = {
			isa = XCConfigurationList;
			buildConfigurations = (
				08B4CAFE201DE3E300EEC0C5 /* Debug */,
				08B4CAFF201DE3E300EEC0C5 /* Release */,
			);
			defaultConfigurationIsVisible = 0;
			defaultConfigurationName = Release;
		};
		08B4CBA8201DE8B100EEC0C5 /* Build configuration list for PBXNativeTarget "Test" */ = {
			isa = XCConfigurationList;
			buildConfigurations = (
				08B4CBA9201DE8B100EEC0C5 /* Debug */,
				08B4CBAA201DE8B100EEC0C5 /* Release */,
			);
			defaultConfigurationIsVisible = 0;
			defaultConfigurationName = Release;
		};
		31C6789420247C90000BF908 /* Build configuration list for PBXNativeTarget "Cli" */ = {
			isa = XCConfigurationList;
			buildConfigurations = (
				31C6789520247C90000BF908 /* Debug */,
				31C6789620247C90000BF908 /* Release */,
			);
			defaultConfigurationIsVisible = 0;
			defaultConfigurationName = Release;
		};
/* End XCConfigurationList section */
	};
	rootObject = 08B4CAE1201DE3E300EEC0C5 /* Project object */;
}
